// !$*UTF8*$!
{
	archiveVersion = 1;
	classes = {
	};
	objectVersion = 56;
	objects = {

/* Begin PBXBuildFile section */
		0F4B11592A6C1F720068F135 /* TitleRowView.swift in Sources */ = {isa = PBXBuildFile; fileRef = 0F4B11582A6C1F720068F135 /* TitleRowView.swift */; };
		0F4B115B2A6C25890068F135 /* Message.swift in Sources */ = {isa = PBXBuildFile; fileRef = 0F4B115A2A6C25890068F135 /* Message.swift */; };
		0F4B115D2A6C25E90068F135 /* MessageBubble.swift in Sources */ = {isa = PBXBuildFile; fileRef = 0F4B115C2A6C25E90068F135 /* MessageBubble.swift */; };
		0F4B115F2A6C2B4E0068F135 /* Extensions.swift in Sources */ = {isa = PBXBuildFile; fileRef = 0F4B115E2A6C2B4E0068F135 /* Extensions.swift */; };
		0F4B11612A6C2CD90068F135 /* MessageFieldView.swift in Sources */ = {isa = PBXBuildFile; fileRef = 0F4B11602A6C2CD90068F135 /* MessageFieldView.swift */; };
		0F4B11652A6C33DC0068F135 /* ChatViewModel.swift in Sources */ = {isa = PBXBuildFile; fileRef = 0F4B11642A6C33DC0068F135 /* ChatViewModel.swift */; };
		0F4B118B2A6FDC900068F135 /* AllChatsView.swift in Sources */ = {isa = PBXBuildFile; fileRef = 0F4B118A2A6FDC8F0068F135 /* AllChatsView.swift */; };
		0F4B118C2A6FDCBB0068F135 /* AllChatsView.swift in Sources */ = {isa = PBXBuildFile; fileRef = 0F4B118A2A6FDC8F0068F135 /* AllChatsView.swift */; };
		0F4B118F2A6FDD420068F135 /* ChatService.swift in Sources */ = {isa = PBXBuildFile; fileRef = 0F4B118E2A6FDD420068F135 /* ChatService.swift */; };
		0F4B11952A711EDC0068F135 /* AllChatsViewModel.swift in Sources */ = {isa = PBXBuildFile; fileRef = 0F4B11942A711EDB0068F135 /* AllChatsViewModel.swift */; };
		0F4B11972A711FC60068F135 /* Match.swift in Sources */ = {isa = PBXBuildFile; fileRef = 0F4B11962A711FC60068F135 /* Match.swift */; };
		0F4B11992A7128160068F135 /* AllChatsService.swift in Sources */ = {isa = PBXBuildFile; fileRef = 0F4B11982A7128160068F135 /* AllChatsService.swift */; };
		0F5211CC2A65D27C00A551FB /* ProfileService.swift in Sources */ = {isa = PBXBuildFile; fileRef = 0F5211CB2A65D27C00A551FB /* ProfileService.swift */; };
		0F5211D12A66798600A551FB /* FireBaseManager.swift in Sources */ = {isa = PBXBuildFile; fileRef = 0F5211D02A66798600A551FB /* FireBaseManager.swift */; };
		0F5211DD2A670AF300A551FB /* CropImageView.swift in Sources */ = {isa = PBXBuildFile; fileRef = 0F5211DC2A670AF300A551FB /* CropImageView.swift */; };
		0F5211E02A670B6C00A551FB /* CropViewController in Frameworks */ = {isa = PBXBuildFile; productRef = 0F5211DF2A670B6C00A551FB /* CropViewController */; };
		0F5211E22A670B6C00A551FB /* TOCropViewController in Frameworks */ = {isa = PBXBuildFile; productRef = 0F5211E12A670B6C00A551FB /* TOCropViewController */; };
		0F5211E42A67BEC400A551FB /* LoadingView.swift in Sources */ = {isa = PBXBuildFile; fileRef = 0F5211E32A67BEC400A551FB /* LoadingView.swift */; };
		0F595AB32A65493A00620811 /* ImagePicker.swift in Sources */ = {isa = PBXBuildFile; fileRef = 0F595AB22A65493A00620811 /* ImagePicker.swift */; };
		0F595AB62A654B2F00620811 /* ProfileViewModel.swift in Sources */ = {isa = PBXBuildFile; fileRef = 0F595AB52A654B2F00620811 /* ProfileViewModel.swift */; };
		0F6145042A5FDB490070D111 /* Converters.swift in Sources */ = {isa = PBXBuildFile; fileRef = 0F9B7F2B2A5EBFD300CEE335 /* Converters.swift */; };
		0F61450B2A5FDBFF0070D111 /* LoginMockService.swift in Sources */ = {isa = PBXBuildFile; fileRef = 0F61450A2A5FDBFF0070D111 /* LoginMockService.swift */; };
		0F61450D2A5FDC0C0070D111 /* RegisterMockService.swift in Sources */ = {isa = PBXBuildFile; fileRef = 0F61450C2A5FDC0C0070D111 /* RegisterMockService.swift */; };
		0F61450E2A5FDD810070D111 /* Converters.swift in Sources */ = {isa = PBXBuildFile; fileRef = 0F9B7F2B2A5EBFD300CEE335 /* Converters.swift */; };
		0F61450F2A5FDD860070D111 /* LoginViewModel.swift in Sources */ = {isa = PBXBuildFile; fileRef = 0F9B7EE22A5C12F300CEE335 /* LoginViewModel.swift */; };
		0F6145102A5FDD8E0070D111 /* RegisterViewModel.swift in Sources */ = {isa = PBXBuildFile; fileRef = 0F9B7F1C2A5E87E700CEE335 /* RegisterViewModel.swift */; };
		0F6145112A5FDD920070D111 /* ComponentStyles.swift in Sources */ = {isa = PBXBuildFile; fileRef = 0F9B7F222A5E8ED000CEE335 /* ComponentStyles.swift */; };
		0F6145122A5FDD940070D111 /* LoginView.swift in Sources */ = {isa = PBXBuildFile; fileRef = 0F9B7EEE2A5C242200CEE335 /* LoginView.swift */; };
		0F6145132A5FDD960070D111 /* RegisterView.swift in Sources */ = {isa = PBXBuildFile; fileRef = 0F9B7F202A5E88AC00CEE335 /* RegisterView.swift */; };
		0F6145142A5FDD990070D111 /* MainView.swift in Sources */ = {isa = PBXBuildFile; fileRef = 0FFFC5832A5F4AE70025268A /* MainView.swift */; };
		0F6145152A5FDD9B0070D111 /* LikeView.swift in Sources */ = {isa = PBXBuildFile; fileRef = 0FFFC5852A5F4E470025268A /* LikeView.swift */; };
		0F6145162A5FDD9E0070D111 /* ProfileView.swift in Sources */ = {isa = PBXBuildFile; fileRef = 0FFFC5872A5F4E860025268A /* ProfileView.swift */; };
		0F6145172A5FDDA00070D111 /* ChatView.swift in Sources */ = {isa = PBXBuildFile; fileRef = 0FFFC5892A5F4EAD0025268A /* ChatView.swift */; };
		0F6145182A5FDDA30070D111 /* Router.swift in Sources */ = {isa = PBXBuildFile; fileRef = 0F9B7F182A5D738900CEE335 /* Router.swift */; };
		0F6145192A5FDDA50070D111 /* NavigationService.swift in Sources */ = {isa = PBXBuildFile; fileRef = 0F9B7F162A5D734400CEE335 /* NavigationService.swift */; };
		0F61451A2A5FDDA80070D111 /* Person.swift in Sources */ = {isa = PBXBuildFile; fileRef = 0F9B7F282A5EBBBB00CEE335 /* Person.swift */; };
		0F61451C2A5FDDAD0070D111 /* ParentView.swift in Sources */ = {isa = PBXBuildFile; fileRef = 0F9B7ED12A5C105600CEE335 /* ParentView.swift */; };
		0F61451D2A5FDDB00070D111 /* Assets.xcassets in Resources */ = {isa = PBXBuildFile; fileRef = 0F9B7ED32A5C105900CEE335 /* Assets.xcassets */; };
		0F61451E2A5FDDB20070D111 /* Preview Assets.xcassets in Resources */ = {isa = PBXBuildFile; fileRef = 0F9B7ED72A5C105900CEE335 /* Preview Assets.xcassets */; };
		0F6145202A5FDDD20070D111 /* GauaMockApp.swift in Sources */ = {isa = PBXBuildFile; fileRef = 0F61451F2A5FDDD20070D111 /* GauaMockApp.swift */; };
		0F6145282A5FE7880070D111 /* LikeViewModel.swift in Sources */ = {isa = PBXBuildFile; fileRef = 0F6145272A5FE7880070D111 /* LikeViewModel.swift */; };
		0F6145292A5FE93F0070D111 /* LikeViewModel.swift in Sources */ = {isa = PBXBuildFile; fileRef = 0F6145272A5FE7880070D111 /* LikeViewModel.swift */; };
		0F61452B2A5FEB7D0070D111 /* LikeService.swift in Sources */ = {isa = PBXBuildFile; fileRef = 0F61452A2A5FEB7D0070D111 /* LikeService.swift */; };
		0F61452E2A5FF3E00070D111 /* LikeMockService.swift in Sources */ = {isa = PBXBuildFile; fileRef = 0F61452D2A5FF3E00070D111 /* LikeMockService.swift */; };
		0F6145362A612BF80070D111 /* CardView.swift in Sources */ = {isa = PBXBuildFile; fileRef = 0F6145352A612BF80070D111 /* CardView.swift */; };
		0F6145382A62A3710070D111 /* UserSession.swift in Sources */ = {isa = PBXBuildFile; fileRef = 0F6145372A62A3710070D111 /* UserSession.swift */; };
		0F61453A2A62A7B50070D111 /* Like.swift in Sources */ = {isa = PBXBuildFile; fileRef = 0F6145392A62A7B50070D111 /* Like.swift */; };
		0F7906522A78E28D00FC4621 /* Localizable.strings in Resources */ = {isa = PBXBuildFile; fileRef = 0F7906542A78E28D00FC4621 /* Localizable.strings */; };
		0F7906582A78E35900FC4621 /* Localizable.strings in Resources */ = {isa = PBXBuildFile; fileRef = 0F7906542A78E28D00FC4621 /* Localizable.strings */; };
		0F7906882A7D1C6A00FC4621 /* ImageUserProfileView.swift in Sources */ = {isa = PBXBuildFile; fileRef = 0F7906872A7D1C6A00FC4621 /* ImageUserProfileView.swift */; };
		0F79068A2A7E49CE00FC4621 /* BodyOfProfileView.swift in Sources */ = {isa = PBXBuildFile; fileRef = 0F7906892A7E49CE00FC4621 /* BodyOfProfileView.swift */; };
		0F7906A32A83890D00FC4621 /* ClassOfPerson.swift in Sources */ = {isa = PBXBuildFile; fileRef = 0F7906A22A83890D00FC4621 /* ClassOfPerson.swift */; };
		0F7906C82A8A51A900FC4621 /* FirebaseAuth in Frameworks */ = {isa = PBXBuildFile; productRef = 0F7906C72A8A51A900FC4621 /* FirebaseAuth */; };
		0F7906CA2A8A51A900FC4621 /* FirebaseDatabase in Frameworks */ = {isa = PBXBuildFile; productRef = 0F7906C92A8A51A900FC4621 /* FirebaseDatabase */; };
		0F7906CC2A8A51A900FC4621 /* FirebaseFirestore in Frameworks */ = {isa = PBXBuildFile; productRef = 0F7906CB2A8A51A900FC4621 /* FirebaseFirestore */; };
		0F7906CE2A8A51A900FC4621 /* FirebaseFunctions in Frameworks */ = {isa = PBXBuildFile; productRef = 0F7906CD2A8A51A900FC4621 /* FirebaseFunctions */; };
		0F7906D02A8A51A900FC4621 /* FirebaseMessaging in Frameworks */ = {isa = PBXBuildFile; productRef = 0F7906CF2A8A51A900FC4621 /* FirebaseMessaging */; };
		0F7906D22A8A51A900FC4621 /* FirebaseStorage in Frameworks */ = {isa = PBXBuildFile; productRef = 0F7906D12A8A51A900FC4621 /* FirebaseStorage */; };
		0F7906D52A8A558400FC4621 /* FirebaseFirestoreSwift in Frameworks */ = {isa = PBXBuildFile; productRef = 0F7906D42A8A558400FC4621 /* FirebaseFirestoreSwift */; };
		0F9B7ED02A5C105600CEE335 /* GauaApp.swift in Sources */ = {isa = PBXBuildFile; fileRef = 0F9B7ECF2A5C105600CEE335 /* GauaApp.swift */; };
		0F9B7ED22A5C105600CEE335 /* ParentView.swift in Sources */ = {isa = PBXBuildFile; fileRef = 0F9B7ED12A5C105600CEE335 /* ParentView.swift */; };
		0F9B7ED42A5C105900CEE335 /* Assets.xcassets in Resources */ = {isa = PBXBuildFile; fileRef = 0F9B7ED32A5C105900CEE335 /* Assets.xcassets */; };
		0F9B7ED82A5C105900CEE335 /* Preview Assets.xcassets in Resources */ = {isa = PBXBuildFile; fileRef = 0F9B7ED72A5C105900CEE335 /* Preview Assets.xcassets */; };
		0F9B7EE32A5C12F300CEE335 /* LoginViewModel.swift in Sources */ = {isa = PBXBuildFile; fileRef = 0F9B7EE22A5C12F300CEE335 /* LoginViewModel.swift */; };
		0F9B7EE52A5C137F00CEE335 /* LoginService.swift in Sources */ = {isa = PBXBuildFile; fileRef = 0F9B7EE42A5C137F00CEE335 /* LoginService.swift */; };
		0F9B7EEF2A5C242200CEE335 /* LoginView.swift in Sources */ = {isa = PBXBuildFile; fileRef = 0F9B7EEE2A5C242200CEE335 /* LoginView.swift */; };
		0F9B7EF92A5D370200CEE335 /* GoogleService-Info.plist in Resources */ = {isa = PBXBuildFile; fileRef = 0F9B7EF82A5D370200CEE335 /* GoogleService-Info.plist */; };
		0F9B7F172A5D734400CEE335 /* NavigationService.swift in Sources */ = {isa = PBXBuildFile; fileRef = 0F9B7F162A5D734400CEE335 /* NavigationService.swift */; };
		0F9B7F192A5D738900CEE335 /* Router.swift in Sources */ = {isa = PBXBuildFile; fileRef = 0F9B7F182A5D738900CEE335 /* Router.swift */; };
		0F9B7F1D2A5E87E700CEE335 /* RegisterViewModel.swift in Sources */ = {isa = PBXBuildFile; fileRef = 0F9B7F1C2A5E87E700CEE335 /* RegisterViewModel.swift */; };
		0F9B7F1F2A5E87E700CEE335 /* RegisterService.swift in Sources */ = {isa = PBXBuildFile; fileRef = 0F9B7F1E2A5E87E700CEE335 /* RegisterService.swift */; };
		0F9B7F212A5E88AC00CEE335 /* RegisterView.swift in Sources */ = {isa = PBXBuildFile; fileRef = 0F9B7F202A5E88AC00CEE335 /* RegisterView.swift */; };
		0F9B7F232A5E8ED000CEE335 /* ComponentStyles.swift in Sources */ = {isa = PBXBuildFile; fileRef = 0F9B7F222A5E8ED000CEE335 /* ComponentStyles.swift */; };
		0F9B7F292A5EBBBB00CEE335 /* Person.swift in Sources */ = {isa = PBXBuildFile; fileRef = 0F9B7F282A5EBBBB00CEE335 /* Person.swift */; };
		0FA17A7E2AB70E5D00F43791 /* GauaApp.swift in Sources */ = {isa = PBXBuildFile; fileRef = 0F9B7ECF2A5C105600CEE335 /* GauaApp.swift */; };
		0FA17A7F2AB70E6200F43791 /* Converters.swift in Sources */ = {isa = PBXBuildFile; fileRef = 0F9B7F2B2A5EBFD300CEE335 /* Converters.swift */; };
		0FA17A802AB70E6600F43791 /* BulkData.swift in Sources */ = {isa = PBXBuildFile; fileRef = 0FF163342A8E31470016AF04 /* BulkData.swift */; };
		0FA17A812AB70E6900F43791 /* Extensions.swift in Sources */ = {isa = PBXBuildFile; fileRef = 0F4B115E2A6C2B4E0068F135 /* Extensions.swift */; };
		0FA17A822AB70E6C00F43791 /* LoginViewModel.swift in Sources */ = {isa = PBXBuildFile; fileRef = 0F9B7EE22A5C12F300CEE335 /* LoginViewModel.swift */; };
		0FA17A832AB70E6E00F43791 /* RegisterViewModel.swift in Sources */ = {isa = PBXBuildFile; fileRef = 0F9B7F1C2A5E87E700CEE335 /* RegisterViewModel.swift */; };
		0FA17A842AB70E7200F43791 /* LikeViewModel.swift in Sources */ = {isa = PBXBuildFile; fileRef = 0F6145272A5FE7880070D111 /* LikeViewModel.swift */; };
		0FA17A852AB70E7500F43791 /* ProfileViewModel.swift in Sources */ = {isa = PBXBuildFile; fileRef = 0F595AB52A654B2F00620811 /* ProfileViewModel.swift */; };
		0FA17A862AB70E7800F43791 /* ChatViewModel.swift in Sources */ = {isa = PBXBuildFile; fileRef = 0F4B11642A6C33DC0068F135 /* ChatViewModel.swift */; };
		0FA17A872AB70E7A00F43791 /* AllChatsViewModel.swift in Sources */ = {isa = PBXBuildFile; fileRef = 0F4B11942A711EDB0068F135 /* AllChatsViewModel.swift */; };
		0FA17A882AB70E7F00F43791 /* FireBaseManager.swift in Sources */ = {isa = PBXBuildFile; fileRef = 0F5211D02A66798600A551FB /* FireBaseManager.swift */; };
		0FA17A892AB70E8300F43791 /* LoginService.swift in Sources */ = {isa = PBXBuildFile; fileRef = 0F9B7EE42A5C137F00CEE335 /* LoginService.swift */; };
		0FA17A8A2AB70E8500F43791 /* RegisterService.swift in Sources */ = {isa = PBXBuildFile; fileRef = 0F9B7F1E2A5E87E700CEE335 /* RegisterService.swift */; };
		0FA17A8B2AB70E8800F43791 /* LikeService.swift in Sources */ = {isa = PBXBuildFile; fileRef = 0F61452A2A5FEB7D0070D111 /* LikeService.swift */; };
		0FA17A8C2AB70E8A00F43791 /* ProfileService.swift in Sources */ = {isa = PBXBuildFile; fileRef = 0F5211CB2A65D27C00A551FB /* ProfileService.swift */; };
		0FA17A8D2AB70E8D00F43791 /* ChatService.swift in Sources */ = {isa = PBXBuildFile; fileRef = 0F4B118E2A6FDD420068F135 /* ChatService.swift */; };
		0FA17A8E2AB70E9000F43791 /* AllChatsService.swift in Sources */ = {isa = PBXBuildFile; fileRef = 0F4B11982A7128160068F135 /* AllChatsService.swift */; };
		0FA17A8F2AB70E9300F43791 /* ParentView.swift in Sources */ = {isa = PBXBuildFile; fileRef = 0F9B7ED12A5C105600CEE335 /* ParentView.swift */; };
		0FA17A902AB70E9600F43791 /* ComponentStyles.swift in Sources */ = {isa = PBXBuildFile; fileRef = 0F9B7F222A5E8ED000CEE335 /* ComponentStyles.swift */; };
		0FA17A912AB70E9900F43791 /* LoadingView.swift in Sources */ = {isa = PBXBuildFile; fileRef = 0F5211E32A67BEC400A551FB /* LoadingView.swift */; };
		0FA17A922AB70E9C00F43791 /* RegisterView.swift in Sources */ = {isa = PBXBuildFile; fileRef = 0F9B7F202A5E88AC00CEE335 /* RegisterView.swift */; };
		0FA17A932AB70E9E00F43791 /* LoginView.swift in Sources */ = {isa = PBXBuildFile; fileRef = 0F9B7EEE2A5C242200CEE335 /* LoginView.swift */; };
		0FA17A942AB70EA300F43791 /* MainView.swift in Sources */ = {isa = PBXBuildFile; fileRef = 0FFFC5832A5F4AE70025268A /* MainView.swift */; };
		0FA17A952AB70EA600F43791 /* LikeView.swift in Sources */ = {isa = PBXBuildFile; fileRef = 0FFFC5852A5F4E470025268A /* LikeView.swift */; };
		0FA17A962AB70EA900F43791 /* CardView.swift in Sources */ = {isa = PBXBuildFile; fileRef = 0F6145352A612BF80070D111 /* CardView.swift */; };
		0FA17A972AB70EAA00F43791 /* CardView.swift in Sources */ = {isa = PBXBuildFile; fileRef = 0F6145352A612BF80070D111 /* CardView.swift */; };
		0FA17A982AB70EAC00F43791 /* AllChatsView.swift in Sources */ = {isa = PBXBuildFile; fileRef = 0F4B118A2A6FDC8F0068F135 /* AllChatsView.swift */; };
		0FA17A992AB70EB000F43791 /* TitleRowView.swift in Sources */ = {isa = PBXBuildFile; fileRef = 0F4B11582A6C1F720068F135 /* TitleRowView.swift */; };
		0FA17A9A2AB70EB100F43791 /* TitleRowView.swift in Sources */ = {isa = PBXBuildFile; fileRef = 0F4B11582A6C1F720068F135 /* TitleRowView.swift */; };
		0FA17A9B2AB70EB300F43791 /* MessageBubble.swift in Sources */ = {isa = PBXBuildFile; fileRef = 0F4B115C2A6C25E90068F135 /* MessageBubble.swift */; };
		0FA17A9C2AB70EB300F43791 /* MessageBubble.swift in Sources */ = {isa = PBXBuildFile; fileRef = 0F4B115C2A6C25E90068F135 /* MessageBubble.swift */; };
		0FA17A9D2AB70EB600F43791 /* MessageFieldView.swift in Sources */ = {isa = PBXBuildFile; fileRef = 0F4B11602A6C2CD90068F135 /* MessageFieldView.swift */; };
		0FA17A9E2AB70EB700F43791 /* MessageFieldView.swift in Sources */ = {isa = PBXBuildFile; fileRef = 0F4B11602A6C2CD90068F135 /* MessageFieldView.swift */; };
		0FA17A9F2AB70EBA00F43791 /* ChatView.swift in Sources */ = {isa = PBXBuildFile; fileRef = 0FFFC5892A5F4EAD0025268A /* ChatView.swift */; };
		0FA17AA02AB70EC000F43791 /* ImagePicker.swift in Sources */ = {isa = PBXBuildFile; fileRef = 0F595AB22A65493A00620811 /* ImagePicker.swift */; };
		0FA17AA12AB70EC100F43791 /* ImagePicker.swift in Sources */ = {isa = PBXBuildFile; fileRef = 0F595AB22A65493A00620811 /* ImagePicker.swift */; };
		0FA17AA22AB70EC300F43791 /* CropImageView.swift in Sources */ = {isa = PBXBuildFile; fileRef = 0F5211DC2A670AF300A551FB /* CropImageView.swift */; };
		0FA17AA32AB70EC400F43791 /* CropImageView.swift in Sources */ = {isa = PBXBuildFile; fileRef = 0F5211DC2A670AF300A551FB /* CropImageView.swift */; };
		0FA17AA42AB70EC600F43791 /* ProfileView.swift in Sources */ = {isa = PBXBuildFile; fileRef = 0FFFC5872A5F4E860025268A /* ProfileView.swift */; };
		0FA17AA52AB70EC900F43791 /* ImageUserProfileView.swift in Sources */ = {isa = PBXBuildFile; fileRef = 0F7906872A7D1C6A00FC4621 /* ImageUserProfileView.swift */; };
		0FA17AA62AB70EC900F43791 /* ImageUserProfileView.swift in Sources */ = {isa = PBXBuildFile; fileRef = 0F7906872A7D1C6A00FC4621 /* ImageUserProfileView.swift */; };
		0FA17AA72AB70ECB00F43791 /* BodyOfProfileView.swift in Sources */ = {isa = PBXBuildFile; fileRef = 0F7906892A7E49CE00FC4621 /* BodyOfProfileView.swift */; };
		0FA17AA82AB70ECC00F43791 /* BodyOfProfileView.swift in Sources */ = {isa = PBXBuildFile; fileRef = 0F7906892A7E49CE00FC4621 /* BodyOfProfileView.swift */; };
		0FA17AA92AB70ED100F43791 /* Router.swift in Sources */ = {isa = PBXBuildFile; fileRef = 0F9B7F182A5D738900CEE335 /* Router.swift */; };
		0FA17AAA2AB70ED400F43791 /* NavigationService.swift in Sources */ = {isa = PBXBuildFile; fileRef = 0F9B7F162A5D734400CEE335 /* NavigationService.swift */; };
		0FA17AAB2AB70ED600F43791 /* UserSession.swift in Sources */ = {isa = PBXBuildFile; fileRef = 0F6145372A62A3710070D111 /* UserSession.swift */; };
		0FA17AAC2AB70ED800F43791 /* UserSession.swift in Sources */ = {isa = PBXBuildFile; fileRef = 0F6145372A62A3710070D111 /* UserSession.swift */; };
		0FA17AAD2AB70EDA00F43791 /* Person.swift in Sources */ = {isa = PBXBuildFile; fileRef = 0F9B7F282A5EBBBB00CEE335 /* Person.swift */; };
		0FA17AAE2AB70EDE00F43791 /* Like.swift in Sources */ = {isa = PBXBuildFile; fileRef = 0F6145392A62A7B50070D111 /* Like.swift */; };
		0FA17AAF2AB70EDE00F43791 /* Like.swift in Sources */ = {isa = PBXBuildFile; fileRef = 0F6145392A62A7B50070D111 /* Like.swift */; };
		0FA17AB02AB70EE100F43791 /* Message.swift in Sources */ = {isa = PBXBuildFile; fileRef = 0F4B115A2A6C25890068F135 /* Message.swift */; };
		0FA17AB12AB70EE100F43791 /* Message.swift in Sources */ = {isa = PBXBuildFile; fileRef = 0F4B115A2A6C25890068F135 /* Message.swift */; };
		0FA17AB22AB70EE400F43791 /* Match.swift in Sources */ = {isa = PBXBuildFile; fileRef = 0F4B11962A711FC60068F135 /* Match.swift */; };
		0FA17AB32AB70EE500F43791 /* Match.swift in Sources */ = {isa = PBXBuildFile; fileRef = 0F4B11962A711FC60068F135 /* Match.swift */; };
		0FA17AB42AB70EE700F43791 /* ClassOfPerson.swift in Sources */ = {isa = PBXBuildFile; fileRef = 0F7906A22A83890D00FC4621 /* ClassOfPerson.swift */; };
		0FA17AB52AB70EE800F43791 /* ClassOfPerson.swift in Sources */ = {isa = PBXBuildFile; fileRef = 0F7906A22A83890D00FC4621 /* ClassOfPerson.swift */; };
		0FA17AB62AB70EEB00F43791 /* Assets.xcassets in Resources */ = {isa = PBXBuildFile; fileRef = 0F9B7ED32A5C105900CEE335 /* Assets.xcassets */; };
		0FA17AB72AB70EF400F43791 /* Preview Assets.xcassets in Resources */ = {isa = PBXBuildFile; fileRef = 0F9B7ED72A5C105900CEE335 /* Preview Assets.xcassets */; };
		0FA17AB82AB70EF900F43791 /* GoogleService-Info.plist in Resources */ = {isa = PBXBuildFile; fileRef = 0FA17A6A2AB70DEE00F43791 /* GoogleService-Info.plist */; };
		0FA17AB92AB70F0000F43791 /* Localizable.strings in Resources */ = {isa = PBXBuildFile; fileRef = 0F7906542A78E28D00FC4621 /* Localizable.strings */; };
		0FA17ABB2AB7111E00F43791 /* CropViewController in Frameworks */ = {isa = PBXBuildFile; productRef = 0FA17ABA2AB7111E00F43791 /* CropViewController */; };
		0FA17ABD2AB7111E00F43791 /* TOCropViewController in Frameworks */ = {isa = PBXBuildFile; productRef = 0FA17ABC2AB7111E00F43791 /* TOCropViewController */; };
		0FA17ABF2AB7111E00F43791 /* FirebaseAuth in Frameworks */ = {isa = PBXBuildFile; productRef = 0FA17ABE2AB7111E00F43791 /* FirebaseAuth */; };
		0FA17AC12AB7111E00F43791 /* FirebaseDatabase in Frameworks */ = {isa = PBXBuildFile; productRef = 0FA17AC02AB7111E00F43791 /* FirebaseDatabase */; };
		0FA17AC32AB7111E00F43791 /* FirebaseFirestore in Frameworks */ = {isa = PBXBuildFile; productRef = 0FA17AC22AB7111E00F43791 /* FirebaseFirestore */; };
		0FA17AC52AB7111E00F43791 /* FirebaseFirestoreSwift in Frameworks */ = {isa = PBXBuildFile; productRef = 0FA17AC42AB7111E00F43791 /* FirebaseFirestoreSwift */; };
		0FA17AC72AB7111E00F43791 /* FirebaseFunctions in Frameworks */ = {isa = PBXBuildFile; productRef = 0FA17AC62AB7111E00F43791 /* FirebaseFunctions */; };
		0FA17AC92AB7111E00F43791 /* FirebaseMessaging in Frameworks */ = {isa = PBXBuildFile; productRef = 0FA17AC82AB7111E00F43791 /* FirebaseMessaging */; };
		0FA17ACB2AB7111E00F43791 /* FirebaseStorage in Frameworks */ = {isa = PBXBuildFile; productRef = 0FA17ACA2AB7111E00F43791 /* FirebaseStorage */; };
		0FA17ACF2AB79DFC00F43791 /* Ticket.swift in Sources */ = {isa = PBXBuildFile; fileRef = 0FA17ACE2AB79DFB00F43791 /* Ticket.swift */; };
		0FA17AD12AB7A61600F43791 /* Pub.swift in Sources */ = {isa = PBXBuildFile; fileRef = 0FA17AD02AB7A61600F43791 /* Pub.swift */; };
		0FF163352A8E31470016AF04 /* BulkData.swift in Sources */ = {isa = PBXBuildFile; fileRef = 0FF163342A8E31470016AF04 /* BulkData.swift */; };
		0FFFC5842A5F4AE70025268A /* MainView.swift in Sources */ = {isa = PBXBuildFile; fileRef = 0FFFC5832A5F4AE70025268A /* MainView.swift */; };
		0FFFC5862A5F4E470025268A /* LikeView.swift in Sources */ = {isa = PBXBuildFile; fileRef = 0FFFC5852A5F4E470025268A /* LikeView.swift */; };
		0FFFC5882A5F4E860025268A /* ProfileView.swift in Sources */ = {isa = PBXBuildFile; fileRef = 0FFFC5872A5F4E860025268A /* ProfileView.swift */; };
		0FFFC58A2A5F4EAD0025268A /* ChatView.swift in Sources */ = {isa = PBXBuildFile; fileRef = 0FFFC5892A5F4EAD0025268A /* ChatView.swift */; };
/* End PBXBuildFile section */

/* Begin PBXFileReference section */
		0F4B11582A6C1F720068F135 /* TitleRowView.swift */ = {isa = PBXFileReference; lastKnownFileType = sourcecode.swift; path = TitleRowView.swift; sourceTree = "<group>"; };
		0F4B115A2A6C25890068F135 /* Message.swift */ = {isa = PBXFileReference; lastKnownFileType = sourcecode.swift; path = Message.swift; sourceTree = "<group>"; };
		0F4B115C2A6C25E90068F135 /* MessageBubble.swift */ = {isa = PBXFileReference; lastKnownFileType = sourcecode.swift; path = MessageBubble.swift; sourceTree = "<group>"; };
		0F4B115E2A6C2B4E0068F135 /* Extensions.swift */ = {isa = PBXFileReference; lastKnownFileType = sourcecode.swift; path = Extensions.swift; sourceTree = "<group>"; };
		0F4B11602A6C2CD90068F135 /* MessageFieldView.swift */ = {isa = PBXFileReference; lastKnownFileType = sourcecode.swift; path = MessageFieldView.swift; sourceTree = "<group>"; };
		0F4B11642A6C33DC0068F135 /* ChatViewModel.swift */ = {isa = PBXFileReference; lastKnownFileType = sourcecode.swift; path = ChatViewModel.swift; sourceTree = "<group>"; };
		0F4B118A2A6FDC8F0068F135 /* AllChatsView.swift */ = {isa = PBXFileReference; lastKnownFileType = sourcecode.swift; path = AllChatsView.swift; sourceTree = "<group>"; };
		0F4B118E2A6FDD420068F135 /* ChatService.swift */ = {isa = PBXFileReference; lastKnownFileType = sourcecode.swift; path = ChatService.swift; sourceTree = "<group>"; };
		0F4B11942A711EDB0068F135 /* AllChatsViewModel.swift */ = {isa = PBXFileReference; lastKnownFileType = sourcecode.swift; path = AllChatsViewModel.swift; sourceTree = "<group>"; };
		0F4B11962A711FC60068F135 /* Match.swift */ = {isa = PBXFileReference; lastKnownFileType = sourcecode.swift; path = Match.swift; sourceTree = "<group>"; };
		0F4B11982A7128160068F135 /* AllChatsService.swift */ = {isa = PBXFileReference; lastKnownFileType = sourcecode.swift; path = AllChatsService.swift; sourceTree = "<group>"; };
		0F5211CB2A65D27C00A551FB /* ProfileService.swift */ = {isa = PBXFileReference; lastKnownFileType = sourcecode.swift; path = ProfileService.swift; sourceTree = "<group>"; };
		0F5211D02A66798600A551FB /* FireBaseManager.swift */ = {isa = PBXFileReference; lastKnownFileType = sourcecode.swift; path = FireBaseManager.swift; sourceTree = "<group>"; };
		0F5211DC2A670AF300A551FB /* CropImageView.swift */ = {isa = PBXFileReference; lastKnownFileType = sourcecode.swift; path = CropImageView.swift; sourceTree = "<group>"; };
		0F5211E32A67BEC400A551FB /* LoadingView.swift */ = {isa = PBXFileReference; lastKnownFileType = sourcecode.swift; path = LoadingView.swift; sourceTree = "<group>"; };
		0F595AB22A65493A00620811 /* ImagePicker.swift */ = {isa = PBXFileReference; lastKnownFileType = sourcecode.swift; path = ImagePicker.swift; sourceTree = "<group>"; };
		0F595AB52A654B2F00620811 /* ProfileViewModel.swift */ = {isa = PBXFileReference; lastKnownFileType = sourcecode.swift; path = ProfileViewModel.swift; sourceTree = "<group>"; };
		0F6144E12A5FDA360070D111 /* GauaMock.app */ = {isa = PBXFileReference; explicitFileType = wrapper.application; includeInIndex = 0; path = GauaMock.app; sourceTree = BUILT_PRODUCTS_DIR; };
		0F61450A2A5FDBFF0070D111 /* LoginMockService.swift */ = {isa = PBXFileReference; lastKnownFileType = sourcecode.swift; path = LoginMockService.swift; sourceTree = "<group>"; };
		0F61450C2A5FDC0C0070D111 /* RegisterMockService.swift */ = {isa = PBXFileReference; lastKnownFileType = sourcecode.swift; path = RegisterMockService.swift; sourceTree = "<group>"; };
		0F61451F2A5FDDD20070D111 /* GauaMockApp.swift */ = {isa = PBXFileReference; lastKnownFileType = sourcecode.swift; path = GauaMockApp.swift; sourceTree = "<group>"; };
		0F6145272A5FE7880070D111 /* LikeViewModel.swift */ = {isa = PBXFileReference; lastKnownFileType = sourcecode.swift; path = LikeViewModel.swift; sourceTree = "<group>"; };
		0F61452A2A5FEB7D0070D111 /* LikeService.swift */ = {isa = PBXFileReference; lastKnownFileType = sourcecode.swift; path = LikeService.swift; sourceTree = "<group>"; };
		0F61452D2A5FF3E00070D111 /* LikeMockService.swift */ = {isa = PBXFileReference; lastKnownFileType = sourcecode.swift; path = LikeMockService.swift; sourceTree = "<group>"; };
		0F6145352A612BF80070D111 /* CardView.swift */ = {isa = PBXFileReference; lastKnownFileType = sourcecode.swift; path = CardView.swift; sourceTree = "<group>"; };
		0F6145372A62A3710070D111 /* UserSession.swift */ = {isa = PBXFileReference; lastKnownFileType = sourcecode.swift; path = UserSession.swift; sourceTree = "<group>"; };
		0F6145392A62A7B50070D111 /* Like.swift */ = {isa = PBXFileReference; lastKnownFileType = sourcecode.swift; path = Like.swift; sourceTree = "<group>"; };
		0F7906532A78E28D00FC4621 /* en */ = {isa = PBXFileReference; lastKnownFileType = text.plist.strings; name = en; path = en.lproj/Localizable.strings; sourceTree = "<group>"; };
		0F7906562A78E2AB00FC4621 /* es */ = {isa = PBXFileReference; lastKnownFileType = text.plist.strings; name = es; path = es.lproj/Localizable.strings; sourceTree = "<group>"; };
		0F7906572A78E2CA00FC4621 /* ca */ = {isa = PBXFileReference; lastKnownFileType = text.plist.strings; name = ca; path = ca.lproj/Localizable.strings; sourceTree = "<group>"; };
		0F7906872A7D1C6A00FC4621 /* ImageUserProfileView.swift */ = {isa = PBXFileReference; lastKnownFileType = sourcecode.swift; path = ImageUserProfileView.swift; sourceTree = "<group>"; };
		0F7906892A7E49CE00FC4621 /* BodyOfProfileView.swift */ = {isa = PBXFileReference; lastKnownFileType = sourcecode.swift; path = BodyOfProfileView.swift; sourceTree = "<group>"; };
		0F79068D2A7E65F100FC4621 /* Tareas.md */ = {isa = PBXFileReference; lastKnownFileType = net.daringfireball.markdown; path = Tareas.md; sourceTree = "<group>"; };
		0F7906A22A83890D00FC4621 /* ClassOfPerson.swift */ = {isa = PBXFileReference; lastKnownFileType = sourcecode.swift; path = ClassOfPerson.swift; sourceTree = "<group>"; };
		0F9B7ECC2A5C105600CEE335 /* Gaua.app */ = {isa = PBXFileReference; explicitFileType = wrapper.application; includeInIndex = 0; path = Gaua.app; sourceTree = BUILT_PRODUCTS_DIR; };
		0F9B7ECF2A5C105600CEE335 /* GauaApp.swift */ = {isa = PBXFileReference; lastKnownFileType = sourcecode.swift; path = GauaApp.swift; sourceTree = "<group>"; };
		0F9B7ED12A5C105600CEE335 /* ParentView.swift */ = {isa = PBXFileReference; lastKnownFileType = sourcecode.swift; path = ParentView.swift; sourceTree = "<group>"; };
		0F9B7ED32A5C105900CEE335 /* Assets.xcassets */ = {isa = PBXFileReference; lastKnownFileType = folder.assetcatalog; path = Assets.xcassets; sourceTree = "<group>"; };
		0F9B7ED52A5C105900CEE335 /* Gaua.entitlements */ = {isa = PBXFileReference; lastKnownFileType = text.plist.entitlements; path = Gaua.entitlements; sourceTree = "<group>"; };
		0F9B7ED72A5C105900CEE335 /* Preview Assets.xcassets */ = {isa = PBXFileReference; lastKnownFileType = folder.assetcatalog; path = "Preview Assets.xcassets"; sourceTree = "<group>"; };
		0F9B7EE22A5C12F300CEE335 /* LoginViewModel.swift */ = {isa = PBXFileReference; lastKnownFileType = sourcecode.swift; path = LoginViewModel.swift; sourceTree = "<group>"; };
		0F9B7EE42A5C137F00CEE335 /* LoginService.swift */ = {isa = PBXFileReference; lastKnownFileType = sourcecode.swift; path = LoginService.swift; sourceTree = "<group>"; };
		0F9B7EEE2A5C242200CEE335 /* LoginView.swift */ = {isa = PBXFileReference; lastKnownFileType = sourcecode.swift; path = LoginView.swift; sourceTree = "<group>"; };
		0F9B7EF82A5D370200CEE335 /* GoogleService-Info.plist */ = {isa = PBXFileReference; fileEncoding = 4; lastKnownFileType = text.plist.xml; path = "GoogleService-Info.plist"; sourceTree = "<group>"; };
		0F9B7F162A5D734400CEE335 /* NavigationService.swift */ = {isa = PBXFileReference; lastKnownFileType = sourcecode.swift; path = NavigationService.swift; sourceTree = "<group>"; };
		0F9B7F182A5D738900CEE335 /* Router.swift */ = {isa = PBXFileReference; lastKnownFileType = sourcecode.swift; path = Router.swift; sourceTree = "<group>"; };
		0F9B7F1C2A5E87E700CEE335 /* RegisterViewModel.swift */ = {isa = PBXFileReference; lastKnownFileType = sourcecode.swift; path = RegisterViewModel.swift; sourceTree = "<group>"; };
		0F9B7F1E2A5E87E700CEE335 /* RegisterService.swift */ = {isa = PBXFileReference; lastKnownFileType = sourcecode.swift; path = RegisterService.swift; sourceTree = "<group>"; };
		0F9B7F202A5E88AC00CEE335 /* RegisterView.swift */ = {isa = PBXFileReference; lastKnownFileType = sourcecode.swift; path = RegisterView.swift; sourceTree = "<group>"; };
		0F9B7F222A5E8ED000CEE335 /* ComponentStyles.swift */ = {isa = PBXFileReference; lastKnownFileType = sourcecode.swift; path = ComponentStyles.swift; sourceTree = "<group>"; };
		0F9B7F282A5EBBBB00CEE335 /* Person.swift */ = {isa = PBXFileReference; lastKnownFileType = sourcecode.swift; path = Person.swift; sourceTree = "<group>"; };
		0F9B7F2B2A5EBFD300CEE335 /* Converters.swift */ = {isa = PBXFileReference; lastKnownFileType = sourcecode.swift; path = Converters.swift; sourceTree = "<group>"; };
		0FA17A6A2AB70DEE00F43791 /* GoogleService-Info.plist */ = {isa = PBXFileReference; fileEncoding = 4; lastKnownFileType = text.plist.xml; path = "GoogleService-Info.plist"; sourceTree = "<group>"; };
		0FA17A702AB70E5100F43791 /* GauaIntegracion.app */ = {isa = PBXFileReference; explicitFileType = wrapper.application; includeInIndex = 0; path = GauaIntegracion.app; sourceTree = BUILT_PRODUCTS_DIR; };
		0FA17ACE2AB79DFB00F43791 /* Ticket.swift */ = {isa = PBXFileReference; lastKnownFileType = sourcecode.swift; path = Ticket.swift; sourceTree = "<group>"; };
		0FA17AD02AB7A61600F43791 /* Pub.swift */ = {isa = PBXFileReference; lastKnownFileType = sourcecode.swift; path = Pub.swift; sourceTree = "<group>"; };
		0FF163342A8E31470016AF04 /* BulkData.swift */ = {isa = PBXFileReference; lastKnownFileType = sourcecode.swift; path = BulkData.swift; sourceTree = "<group>"; };
		0FFFC5832A5F4AE70025268A /* MainView.swift */ = {isa = PBXFileReference; lastKnownFileType = sourcecode.swift; path = MainView.swift; sourceTree = "<group>"; };
		0FFFC5852A5F4E470025268A /* LikeView.swift */ = {isa = PBXFileReference; lastKnownFileType = sourcecode.swift; path = LikeView.swift; sourceTree = "<group>"; };
		0FFFC5872A5F4E860025268A /* ProfileView.swift */ = {isa = PBXFileReference; lastKnownFileType = sourcecode.swift; path = ProfileView.swift; sourceTree = "<group>"; };
		0FFFC5892A5F4EAD0025268A /* ChatView.swift */ = {isa = PBXFileReference; lastKnownFileType = sourcecode.swift; path = ChatView.swift; sourceTree = "<group>"; };
/* End PBXFileReference section */

/* Begin PBXFrameworksBuildPhase section */
		0F6144DE2A5FDA360070D111 /* Frameworks */ = {
			isa = PBXFrameworksBuildPhase;
			buildActionMask = 2147483647;
			files = (
			);
			runOnlyForDeploymentPostprocessing = 0;
		};
		0F9B7EC92A5C105600CEE335 /* Frameworks */ = {
			isa = PBXFrameworksBuildPhase;
			buildActionMask = 2147483647;
			files = (
				0F5211E22A670B6C00A551FB /* TOCropViewController in Frameworks */,
				0F7906C82A8A51A900FC4621 /* FirebaseAuth in Frameworks */,
				0F7906D02A8A51A900FC4621 /* FirebaseMessaging in Frameworks */,
				0F7906CA2A8A51A900FC4621 /* FirebaseDatabase in Frameworks */,
				0F7906CE2A8A51A900FC4621 /* FirebaseFunctions in Frameworks */,
				0F7906D22A8A51A900FC4621 /* FirebaseStorage in Frameworks */,
				0F7906CC2A8A51A900FC4621 /* FirebaseFirestore in Frameworks */,
				0F5211E02A670B6C00A551FB /* CropViewController in Frameworks */,
				0F7906D52A8A558400FC4621 /* FirebaseFirestoreSwift in Frameworks */,
			);
			runOnlyForDeploymentPostprocessing = 0;
		};
		0FA17A6D2AB70E5100F43791 /* Frameworks */ = {
			isa = PBXFrameworksBuildPhase;
			buildActionMask = 2147483647;
			files = (
				0FA17AC92AB7111E00F43791 /* FirebaseMessaging in Frameworks */,
				0FA17ABD2AB7111E00F43791 /* TOCropViewController in Frameworks */,
				0FA17ACB2AB7111E00F43791 /* FirebaseStorage in Frameworks */,
				0FA17AC72AB7111E00F43791 /* FirebaseFunctions in Frameworks */,
				0FA17ABF2AB7111E00F43791 /* FirebaseAuth in Frameworks */,
				0FA17AC12AB7111E00F43791 /* FirebaseDatabase in Frameworks */,
				0FA17AC32AB7111E00F43791 /* FirebaseFirestore in Frameworks */,
				0FA17ABB2AB7111E00F43791 /* CropViewController in Frameworks */,
				0FA17AC52AB7111E00F43791 /* FirebaseFirestoreSwift in Frameworks */,
			);
			runOnlyForDeploymentPostprocessing = 0;
		};
/* End PBXFrameworksBuildPhase section */

/* Begin PBXGroup section */
		0F4B11572A6C1F590068F135 /* SubViews */ = {
			isa = PBXGroup;
			children = (
				0F4B11582A6C1F720068F135 /* TitleRowView.swift */,
				0F4B115C2A6C25E90068F135 /* MessageBubble.swift */,
				0F4B11602A6C2CD90068F135 /* MessageFieldView.swift */,
			);
			path = SubViews;
			sourceTree = "<group>";
		};
		0F4B118D2A6FDCC80068F135 /* IndividualChat */ = {
			isa = PBXGroup;
			children = (
				0F4B11572A6C1F590068F135 /* SubViews */,
				0FFFC5892A5F4EAD0025268A /* ChatView.swift */,
			);
			path = IndividualChat;
			sourceTree = "<group>";
		};
		0F5211CF2A66797100A551FB /* Utils */ = {
			isa = PBXGroup;
			children = (
				0F5211D02A66798600A551FB /* FireBaseManager.swift */,
			);
			path = Utils;
			sourceTree = "<group>";
		};
		0F595AB42A6549A900620811 /* Utils */ = {
			isa = PBXGroup;
			children = (
				0F595AB22A65493A00620811 /* ImagePicker.swift */,
				0F5211DC2A670AF300A551FB /* CropImageView.swift */,
			);
			path = Utils;
			sourceTree = "<group>";
		};
		0F6144E22A5FDA360070D111 /* GauaMock */ = {
			isa = PBXGroup;
			children = (
				0F61451F2A5FDDD20070D111 /* GauaMockApp.swift */,
				0F6145092A5FDBE10070D111 /* MockServices */,
			);
			path = GauaMock;
			sourceTree = "<group>";
		};
		0F6145092A5FDBE10070D111 /* MockServices */ = {
			isa = PBXGroup;
			children = (
				0F61450A2A5FDBFF0070D111 /* LoginMockService.swift */,
				0F61450C2A5FDC0C0070D111 /* RegisterMockService.swift */,
				0F61452D2A5FF3E00070D111 /* LikeMockService.swift */,
			);
			path = MockServices;
			sourceTree = "<group>";
		};
		0F6145222A5FE2EB0070D111 /* SignUp&In */ = {
			isa = PBXGroup;
			children = (
				0F9B7F202A5E88AC00CEE335 /* RegisterView.swift */,
				0F9B7EEE2A5C242200CEE335 /* LoginView.swift */,
			);
			path = "SignUp&In";
			sourceTree = "<group>";
		};
		0F6145232A5FE30B0070D111 /* Autenticated */ = {
			isa = PBXGroup;
			children = (
				0FFFC5832A5F4AE70025268A /* MainView.swift */,
				0F6145242A5FE31E0070D111 /* FirstTag */,
				0F6145252A5FE33C0070D111 /* SecodTag */,
				0F6145262A5FE3440070D111 /* ThirdTag */,
			);
			path = Autenticated;
			sourceTree = "<group>";
		};
		0F6145242A5FE31E0070D111 /* FirstTag */ = {
			isa = PBXGroup;
			children = (
				0FFFC5852A5F4E470025268A /* LikeView.swift */,
				0F6145352A612BF80070D111 /* CardView.swift */,
			);
			path = FirstTag;
			sourceTree = "<group>";
		};
		0F6145252A5FE33C0070D111 /* SecodTag */ = {
			isa = PBXGroup;
			children = (
				0F4B118A2A6FDC8F0068F135 /* AllChatsView.swift */,
				0F4B118D2A6FDCC80068F135 /* IndividualChat */,
			);
			path = SecodTag;
			sourceTree = "<group>";
		};
		0F6145262A5FE3440070D111 /* ThirdTag */ = {
			isa = PBXGroup;
			children = (
				0F595AB42A6549A900620811 /* Utils */,
				0FFFC5872A5F4E860025268A /* ProfileView.swift */,
				0F7906872A7D1C6A00FC4621 /* ImageUserProfileView.swift */,
				0F7906892A7E49CE00FC4621 /* BodyOfProfileView.swift */,
			);
			path = ThirdTag;
			sourceTree = "<group>";
		};
		0F7906D32A8A558400FC4621 /* Frameworks */ = {
			isa = PBXGroup;
			children = (
			);
			name = Frameworks;
			sourceTree = "<group>";
		};
		0F9B7EC32A5C105600CEE335 = {
			isa = PBXGroup;
			children = (
				0F79068D2A7E65F100FC4621 /* Tareas.md */,
				0F9B7ECE2A5C105600CEE335 /* Gaua */,
				0F6144E22A5FDA360070D111 /* GauaMock */,
				0F7906542A78E28D00FC4621 /* Localizable.strings */,
				0F9B7ECD2A5C105600CEE335 /* Products */,
				0F7906D32A8A558400FC4621 /* Frameworks */,
			);
			sourceTree = "<group>";
		};
		0F9B7ECD2A5C105600CEE335 /* Products */ = {
			isa = PBXGroup;
			children = (
				0F9B7ECC2A5C105600CEE335 /* Gaua.app */,
				0F6144E12A5FDA360070D111 /* GauaMock.app */,
				0FA17A702AB70E5100F43791 /* GauaIntegracion.app */,
			);
			name = Products;
			sourceTree = "<group>";
		};
		0F9B7ECE2A5C105600CEE335 /* Gaua */ = {
			isa = PBXGroup;
			children = (
				0F9B7ECF2A5C105600CEE335 /* GauaApp.swift */,
				0F9B7F2A2A5EBFC300CEE335 /* Utils */,
				0F9B7EE12A5C128300CEE335 /* ViewModels */,
				0F9B7EE02A5C127900CEE335 /* Services */,
				0F9B7EDF2A5C126E00CEE335 /* Views */,
				0F9B7EDE2A5C126500CEE335 /* Models */,
				0F9B7ED32A5C105900CEE335 /* Assets.xcassets */,
				0F9B7ED52A5C105900CEE335 /* Gaua.entitlements */,
				0F9B7ED62A5C105900CEE335 /* Preview Content */,
				0FA17ACD2AB713BE00F43791 /* FirebaseConfigurationIntegracion */,
				0FA17ACC2AB713B300F43791 /* FirebaseConfiguration */,
			);
			path = Gaua;
			sourceTree = "<group>";
		};
		0F9B7ED62A5C105900CEE335 /* Preview Content */ = {
			isa = PBXGroup;
			children = (
				0F9B7ED72A5C105900CEE335 /* Preview Assets.xcassets */,
			);
			path = "Preview Content";
			sourceTree = "<group>";
		};
		0F9B7EDE2A5C126500CEE335 /* Models */ = {
			isa = PBXGroup;
			children = (
				0F9B7F272A5EBBA400CEE335 /* WireFrame */,
				0F9B7F282A5EBBBB00CEE335 /* Person.swift */,
				0F6145372A62A3710070D111 /* UserSession.swift */,
				0F6145392A62A7B50070D111 /* Like.swift */,
				0F4B115A2A6C25890068F135 /* Message.swift */,
				0F4B11962A711FC60068F135 /* Match.swift */,
				0F7906A22A83890D00FC4621 /* ClassOfPerson.swift */,
				0FA17ACE2AB79DFB00F43791 /* Ticket.swift */,
				0FA17AD02AB7A61600F43791 /* Pub.swift */,
			);
			path = Models;
			sourceTree = "<group>";
		};
		0F9B7EDF2A5C126E00CEE335 /* Views */ = {
			isa = PBXGroup;
			children = (
				0F9B7ED12A5C105600CEE335 /* ParentView.swift */,
				0F9B7F262A5EB98500CEE335 /* Utils */,
				0F6145222A5FE2EB0070D111 /* SignUp&In */,
				0F6145232A5FE30B0070D111 /* Autenticated */,
			);
			path = Views;
			sourceTree = "<group>";
		};
		0F9B7EE02A5C127900CEE335 /* Services */ = {
			isa = PBXGroup;
			children = (
				0F5211CF2A66797100A551FB /* Utils */,
				0F9B7EE42A5C137F00CEE335 /* LoginService.swift */,
				0F9B7F1E2A5E87E700CEE335 /* RegisterService.swift */,
				0F61452A2A5FEB7D0070D111 /* LikeService.swift */,
				0F5211CB2A65D27C00A551FB /* ProfileService.swift */,
				0F4B118E2A6FDD420068F135 /* ChatService.swift */,
				0F4B11982A7128160068F135 /* AllChatsService.swift */,
			);
			path = Services;
			sourceTree = "<group>";
		};
		0F9B7EE12A5C128300CEE335 /* ViewModels */ = {
			isa = PBXGroup;
			children = (
				0F9B7EE22A5C12F300CEE335 /* LoginViewModel.swift */,
				0F9B7F1C2A5E87E700CEE335 /* RegisterViewModel.swift */,
				0F6145272A5FE7880070D111 /* LikeViewModel.swift */,
				0F595AB52A654B2F00620811 /* ProfileViewModel.swift */,
				0F4B11642A6C33DC0068F135 /* ChatViewModel.swift */,
				0F4B11942A711EDB0068F135 /* AllChatsViewModel.swift */,
			);
			path = ViewModels;
			sourceTree = "<group>";
		};
		0F9B7F262A5EB98500CEE335 /* Utils */ = {
			isa = PBXGroup;
			children = (
				0F9B7F222A5E8ED000CEE335 /* ComponentStyles.swift */,
				0F5211E32A67BEC400A551FB /* LoadingView.swift */,
			);
			path = Utils;
			sourceTree = "<group>";
		};
		0F9B7F272A5EBBA400CEE335 /* WireFrame */ = {
			isa = PBXGroup;
			children = (
				0F9B7F182A5D738900CEE335 /* Router.swift */,
				0F9B7F162A5D734400CEE335 /* NavigationService.swift */,
			);
			path = WireFrame;
			sourceTree = "<group>";
		};
		0F9B7F2A2A5EBFC300CEE335 /* Utils */ = {
			isa = PBXGroup;
			children = (
				0F9B7F2B2A5EBFD300CEE335 /* Converters.swift */,
				0F4B115E2A6C2B4E0068F135 /* Extensions.swift */,
				0FF163342A8E31470016AF04 /* BulkData.swift */,
			);
			path = Utils;
			sourceTree = "<group>";
		};
		0FA17ACC2AB713B300F43791 /* FirebaseConfiguration */ = {
			isa = PBXGroup;
			children = (
				0F9B7EF82A5D370200CEE335 /* GoogleService-Info.plist */,
			);
			path = FirebaseConfiguration;
			sourceTree = "<group>";
		};
		0FA17ACD2AB713BE00F43791 /* FirebaseConfigurationIntegracion */ = {
			isa = PBXGroup;
			children = (
				0FA17A6A2AB70DEE00F43791 /* GoogleService-Info.plist */,
			);
			path = FirebaseConfigurationIntegracion;
			sourceTree = "<group>";
		};
/* End PBXGroup section */

/* Begin PBXNativeTarget section */
		0F6144E02A5FDA360070D111 /* GauaMock */ = {
			isa = PBXNativeTarget;
			buildConfigurationList = 0F6144EC2A5FDA370070D111 /* Build configuration list for PBXNativeTarget "GauaMock" */;
			buildPhases = (
				0F6144DD2A5FDA360070D111 /* Sources */,
				0F6144DE2A5FDA360070D111 /* Frameworks */,
				0F6144DF2A5FDA360070D111 /* Resources */,
			);
			buildRules = (
			);
			dependencies = (
			);
			name = GauaMock;
			productName = GauaMock;
			productReference = 0F6144E12A5FDA360070D111 /* GauaMock.app */;
			productType = "com.apple.product-type.application";
		};
		0F9B7ECB2A5C105600CEE335 /* Gaua */ = {
			isa = PBXNativeTarget;
			buildConfigurationList = 0F9B7EDB2A5C105900CEE335 /* Build configuration list for PBXNativeTarget "Gaua" */;
			buildPhases = (
				0F9B7EC82A5C105600CEE335 /* Sources */,
				0F9B7EC92A5C105600CEE335 /* Frameworks */,
				0F9B7ECA2A5C105600CEE335 /* Resources */,
			);
			buildRules = (
			);
			dependencies = (
			);
			name = Gaua;
			packageProductDependencies = (
				0F5211DF2A670B6C00A551FB /* CropViewController */,
				0F5211E12A670B6C00A551FB /* TOCropViewController */,
				0F7906C72A8A51A900FC4621 /* FirebaseAuth */,
				0F7906C92A8A51A900FC4621 /* FirebaseDatabase */,
				0F7906CB2A8A51A900FC4621 /* FirebaseFirestore */,
				0F7906CD2A8A51A900FC4621 /* FirebaseFunctions */,
				0F7906CF2A8A51A900FC4621 /* FirebaseMessaging */,
				0F7906D12A8A51A900FC4621 /* FirebaseStorage */,
				0F7906D42A8A558400FC4621 /* FirebaseFirestoreSwift */,
			);
			productName = Gaua;
			productReference = 0F9B7ECC2A5C105600CEE335 /* Gaua.app */;
			productType = "com.apple.product-type.application";
		};
		0FA17A6F2AB70E5100F43791 /* GauaIntegracion */ = {
			isa = PBXNativeTarget;
			buildConfigurationList = 0FA17A7B2AB70E5300F43791 /* Build configuration list for PBXNativeTarget "GauaIntegracion" */;
			buildPhases = (
				0FA17A6C2AB70E5100F43791 /* Sources */,
				0FA17A6D2AB70E5100F43791 /* Frameworks */,
				0FA17A6E2AB70E5100F43791 /* Resources */,
			);
			buildRules = (
			);
			dependencies = (
			);
			name = GauaIntegracion;
			packageProductDependencies = (
				0FA17ABA2AB7111E00F43791 /* CropViewController */,
				0FA17ABC2AB7111E00F43791 /* TOCropViewController */,
				0FA17ABE2AB7111E00F43791 /* FirebaseAuth */,
				0FA17AC02AB7111E00F43791 /* FirebaseDatabase */,
				0FA17AC22AB7111E00F43791 /* FirebaseFirestore */,
				0FA17AC42AB7111E00F43791 /* FirebaseFirestoreSwift */,
				0FA17AC62AB7111E00F43791 /* FirebaseFunctions */,
				0FA17AC82AB7111E00F43791 /* FirebaseMessaging */,
				0FA17ACA2AB7111E00F43791 /* FirebaseStorage */,
			);
			productName = GauaIntegracion;
			productReference = 0FA17A702AB70E5100F43791 /* GauaIntegracion.app */;
			productType = "com.apple.product-type.application";
		};
/* End PBXNativeTarget section */

/* Begin PBXProject section */
		0F9B7EC42A5C105600CEE335 /* Project object */ = {
			isa = PBXProject;
			attributes = {
				BuildIndependentTargetsInParallel = 1;
				LastSwiftUpdateCheck = 1420;
				LastUpgradeCheck = 1420;
				TargetAttributes = {
					0F6144E02A5FDA360070D111 = {
						CreatedOnToolsVersion = 14.2;
					};
					0F9B7ECB2A5C105600CEE335 = {
						CreatedOnToolsVersion = 14.2;
					};
					0FA17A6F2AB70E5100F43791 = {
						CreatedOnToolsVersion = 14.2;
					};
				};
			};
			buildConfigurationList = 0F9B7EC72A5C105600CEE335 /* Build configuration list for PBXProject "Gaua" */;
			compatibilityVersion = "Xcode 14.0";
			developmentRegion = en;
			hasScannedForEncodings = 0;
			knownRegions = (
				en,
				Base,
				es,
				ca,
			);
			mainGroup = 0F9B7EC32A5C105600CEE335;
			packageReferences = (
				0F5211DE2A670B6B00A551FB /* XCRemoteSwiftPackageReference "TOCropViewController" */,
				0F7906C62A8A51A900FC4621 /* XCRemoteSwiftPackageReference "firebase-ios-sdk" */,
			);
			productRefGroup = 0F9B7ECD2A5C105600CEE335 /* Products */;
			projectDirPath = "";
			projectRoot = "";
			targets = (
				0F9B7ECB2A5C105600CEE335 /* Gaua */,
				0F6144E02A5FDA360070D111 /* GauaMock */,
				0FA17A6F2AB70E5100F43791 /* GauaIntegracion */,
			);
		};
/* End PBXProject section */

/* Begin PBXResourcesBuildPhase section */
		0F6144DF2A5FDA360070D111 /* Resources */ = {
			isa = PBXResourcesBuildPhase;
			buildActionMask = 2147483647;
			files = (
				0F61451E2A5FDDB20070D111 /* Preview Assets.xcassets in Resources */,
				0F7906582A78E35900FC4621 /* Localizable.strings in Resources */,
				0F61451D2A5FDDB00070D111 /* Assets.xcassets in Resources */,
			);
			runOnlyForDeploymentPostprocessing = 0;
		};
		0F9B7ECA2A5C105600CEE335 /* Resources */ = {
			isa = PBXResourcesBuildPhase;
			buildActionMask = 2147483647;
			files = (
				0F9B7ED82A5C105900CEE335 /* Preview Assets.xcassets in Resources */,
				0F7906522A78E28D00FC4621 /* Localizable.strings in Resources */,
				0F9B7ED42A5C105900CEE335 /* Assets.xcassets in Resources */,
				0F9B7EF92A5D370200CEE335 /* GoogleService-Info.plist in Resources */,
			);
			runOnlyForDeploymentPostprocessing = 0;
		};
		0FA17A6E2AB70E5100F43791 /* Resources */ = {
			isa = PBXResourcesBuildPhase;
			buildActionMask = 2147483647;
			files = (
				0FA17AB82AB70EF900F43791 /* GoogleService-Info.plist in Resources */,
				0FA17AB92AB70F0000F43791 /* Localizable.strings in Resources */,
				0FA17AB72AB70EF400F43791 /* Preview Assets.xcassets in Resources */,
				0FA17AB62AB70EEB00F43791 /* Assets.xcassets in Resources */,
			);
			runOnlyForDeploymentPostprocessing = 0;
		};
/* End PBXResourcesBuildPhase section */

/* Begin PBXSourcesBuildPhase section */
		0F6144DD2A5FDA360070D111 /* Sources */ = {
			isa = PBXSourcesBuildPhase;
			buildActionMask = 2147483647;
			files = (
				0FA17AB42AB70EE700F43791 /* ClassOfPerson.swift in Sources */,
				0F61451A2A5FDDA80070D111 /* Person.swift in Sources */,
				0F6145202A5FDDD20070D111 /* GauaMockApp.swift in Sources */,
				0FA17AAB2AB70ED600F43791 /* UserSession.swift in Sources */,
				0FA17AA22AB70EC300F43791 /* CropImageView.swift in Sources */,
				0FA17AA02AB70EC000F43791 /* ImagePicker.swift in Sources */,
				0F61450F2A5FDD860070D111 /* LoginViewModel.swift in Sources */,
				0F6145142A5FDD990070D111 /* MainView.swift in Sources */,
				0FA17A992AB70EB000F43791 /* TitleRowView.swift in Sources */,
				0F4B118C2A6FDCBB0068F135 /* AllChatsView.swift in Sources */,
				0F6145122A5FDD940070D111 /* LoginView.swift in Sources */,
				0F6145102A5FDD8E0070D111 /* RegisterViewModel.swift in Sources */,
				0FA17AA52AB70EC900F43791 /* ImageUserProfileView.swift in Sources */,
				0FA17A972AB70EAA00F43791 /* CardView.swift in Sources */,
				0F6145172A5FDDA00070D111 /* ChatView.swift in Sources */,
				0FA17AA72AB70ECB00F43791 /* BodyOfProfileView.swift in Sources */,
				0FA17A9B2AB70EB300F43791 /* MessageBubble.swift in Sources */,
				0F61450D2A5FDC0C0070D111 /* RegisterMockService.swift in Sources */,
				0F61451C2A5FDDAD0070D111 /* ParentView.swift in Sources */,
				0FA17A9E2AB70EB700F43791 /* MessageFieldView.swift in Sources */,
				0FA17AB22AB70EE400F43791 /* Match.swift in Sources */,
				0F61450B2A5FDBFF0070D111 /* LoginMockService.swift in Sources */,
				0FA17AB02AB70EE100F43791 /* Message.swift in Sources */,
				0F6145132A5FDD960070D111 /* RegisterView.swift in Sources */,
				0F6145292A5FE93F0070D111 /* LikeViewModel.swift in Sources */,
				0F6145152A5FDD9B0070D111 /* LikeView.swift in Sources */,
				0F61450E2A5FDD810070D111 /* Converters.swift in Sources */,
				0FA17AAE2AB70EDE00F43791 /* Like.swift in Sources */,
				0F61452E2A5FF3E00070D111 /* LikeMockService.swift in Sources */,
				0F6145162A5FDD9E0070D111 /* ProfileView.swift in Sources */,
				0F6145112A5FDD920070D111 /* ComponentStyles.swift in Sources */,
				0F6145182A5FDDA30070D111 /* Router.swift in Sources */,
				0F6145192A5FDDA50070D111 /* NavigationService.swift in Sources */,
			);
			runOnlyForDeploymentPostprocessing = 0;
		};
		0F9B7EC82A5C105600CEE335 /* Sources */ = {
			isa = PBXSourcesBuildPhase;
			buildActionMask = 2147483647;
			files = (
				0F9B7F292A5EBBBB00CEE335 /* Person.swift in Sources */,
				0F595AB32A65493A00620811 /* ImagePicker.swift in Sources */,
				0F9B7F212A5E88AC00CEE335 /* RegisterView.swift in Sources */,
				0F6145042A5FDB490070D111 /* Converters.swift in Sources */,
				0F4B11952A711EDC0068F135 /* AllChatsViewModel.swift in Sources */,
				0F4B11992A7128160068F135 /* AllChatsService.swift in Sources */,
				0F6145382A62A3710070D111 /* UserSession.swift in Sources */,
				0F5211E42A67BEC400A551FB /* LoadingView.swift in Sources */,
				0F4B118F2A6FDD420068F135 /* ChatService.swift in Sources */,
				0F9B7F192A5D738900CEE335 /* Router.swift in Sources */,
				0F595AB62A654B2F00620811 /* ProfileViewModel.swift in Sources */,
				0FA17ACF2AB79DFC00F43791 /* Ticket.swift in Sources */,
				0F7906882A7D1C6A00FC4621 /* ImageUserProfileView.swift in Sources */,
				0F4B11652A6C33DC0068F135 /* ChatViewModel.swift in Sources */,
				0FFFC58A2A5F4EAD0025268A /* ChatView.swift in Sources */,
				0F9B7EEF2A5C242200CEE335 /* LoginView.swift in Sources */,
				0F5211DD2A670AF300A551FB /* CropImageView.swift in Sources */,
				0F4B118B2A6FDC900068F135 /* AllChatsView.swift in Sources */,
				0F5211CC2A65D27C00A551FB /* ProfileService.swift in Sources */,
				0F7906A32A83890D00FC4621 /* ClassOfPerson.swift in Sources */,
				0F5211D12A66798600A551FB /* FireBaseManager.swift in Sources */,
				0F9B7ED22A5C105600CEE335 /* ParentView.swift in Sources */,
				0F61453A2A62A7B50070D111 /* Like.swift in Sources */,
				0F9B7ED02A5C105600CEE335 /* GauaApp.swift in Sources */,
				0F9B7F1F2A5E87E700CEE335 /* RegisterService.swift in Sources */,
				0F9B7EE32A5C12F300CEE335 /* LoginViewModel.swift in Sources */,
				0F61452B2A5FEB7D0070D111 /* LikeService.swift in Sources */,
				0FFFC5882A5F4E860025268A /* ProfileView.swift in Sources */,
				0FFFC5862A5F4E470025268A /* LikeView.swift in Sources */,
				0F9B7EE52A5C137F00CEE335 /* LoginService.swift in Sources */,
				0FA17AD12AB7A61600F43791 /* Pub.swift in Sources */,
				0F4B11592A6C1F720068F135 /* TitleRowView.swift in Sources */,
				0FF163352A8E31470016AF04 /* BulkData.swift in Sources */,
				0F4B11972A711FC60068F135 /* Match.swift in Sources */,
				0F6145362A612BF80070D111 /* CardView.swift in Sources */,
				0F9B7F1D2A5E87E700CEE335 /* RegisterViewModel.swift in Sources */,
				0F4B115D2A6C25E90068F135 /* MessageBubble.swift in Sources */,
				0F9B7F172A5D734400CEE335 /* NavigationService.swift in Sources */,
				0F4B115F2A6C2B4E0068F135 /* Extensions.swift in Sources */,
				0FFFC5842A5F4AE70025268A /* MainView.swift in Sources */,
				0F4B115B2A6C25890068F135 /* Message.swift in Sources */,
				0F9B7F232A5E8ED000CEE335 /* ComponentStyles.swift in Sources */,
				0F4B11612A6C2CD90068F135 /* MessageFieldView.swift in Sources */,
				0F6145282A5FE7880070D111 /* LikeViewModel.swift in Sources */,
				0F79068A2A7E49CE00FC4621 /* BodyOfProfileView.swift in Sources */,
			);
			runOnlyForDeploymentPostprocessing = 0;
		};
		0FA17A6C2AB70E5100F43791 /* Sources */ = {
			isa = PBXSourcesBuildPhase;
			buildActionMask = 2147483647;
			files = (
				0FA17A982AB70EAC00F43791 /* AllChatsView.swift in Sources */,
				0FA17A962AB70EA900F43791 /* CardView.swift in Sources */,
				0FA17A812AB70E6900F43791 /* Extensions.swift in Sources */,
				0FA17A9F2AB70EBA00F43791 /* ChatView.swift in Sources */,
				0FA17A902AB70E9600F43791 /* ComponentStyles.swift in Sources */,
				0FA17AA92AB70ED100F43791 /* Router.swift in Sources */,
				0FA17A952AB70EA600F43791 /* LikeView.swift in Sources */,
				0FA17A912AB70E9900F43791 /* LoadingView.swift in Sources */,
				0FA17A9C2AB70EB300F43791 /* MessageBubble.swift in Sources */,
				0FA17AB12AB70EE100F43791 /* Message.swift in Sources */,
				0FA17A8E2AB70E9000F43791 /* AllChatsService.swift in Sources */,
				0FA17A9D2AB70EB600F43791 /* MessageFieldView.swift in Sources */,
				0FA17A8B2AB70E8800F43791 /* LikeService.swift in Sources */,
				0FA17AA42AB70EC600F43791 /* ProfileView.swift in Sources */,
				0FA17A932AB70E9E00F43791 /* LoginView.swift in Sources */,
				0FA17A8F2AB70E9300F43791 /* ParentView.swift in Sources */,
				0FA17A842AB70E7200F43791 /* LikeViewModel.swift in Sources */,
				0FA17A7E2AB70E5D00F43791 /* GauaApp.swift in Sources */,
				0FA17AB32AB70EE500F43791 /* Match.swift in Sources */,
				0FA17A922AB70E9C00F43791 /* RegisterView.swift in Sources */,
				0FA17AB52AB70EE800F43791 /* ClassOfPerson.swift in Sources */,
				0FA17A8D2AB70E8D00F43791 /* ChatService.swift in Sources */,
				0FA17AA62AB70EC900F43791 /* ImageUserProfileView.swift in Sources */,
				0FA17AA12AB70EC100F43791 /* ImagePicker.swift in Sources */,
				0FA17A852AB70E7500F43791 /* ProfileViewModel.swift in Sources */,
				0FA17AAD2AB70EDA00F43791 /* Person.swift in Sources */,
				0FA17A942AB70EA300F43791 /* MainView.swift in Sources */,
				0FA17AA82AB70ECC00F43791 /* BodyOfProfileView.swift in Sources */,
				0FA17A832AB70E6E00F43791 /* RegisterViewModel.swift in Sources */,
				0FA17A8C2AB70E8A00F43791 /* ProfileService.swift in Sources */,
				0FA17A872AB70E7A00F43791 /* AllChatsViewModel.swift in Sources */,
				0FA17A802AB70E6600F43791 /* BulkData.swift in Sources */,
				0FA17A7F2AB70E6200F43791 /* Converters.swift in Sources */,
				0FA17A9A2AB70EB100F43791 /* TitleRowView.swift in Sources */,
				0FA17AAC2AB70ED800F43791 /* UserSession.swift in Sources */,
				0FA17A8A2AB70E8500F43791 /* RegisterService.swift in Sources */,
				0FA17A882AB70E7F00F43791 /* FireBaseManager.swift in Sources */,
				0FA17AAF2AB70EDE00F43791 /* Like.swift in Sources */,
				0FA17A862AB70E7800F43791 /* ChatViewModel.swift in Sources */,
				0FA17A822AB70E6C00F43791 /* LoginViewModel.swift in Sources */,
				0FA17AA32AB70EC400F43791 /* CropImageView.swift in Sources */,
				0FA17AAA2AB70ED400F43791 /* NavigationService.swift in Sources */,
				0FA17A892AB70E8300F43791 /* LoginService.swift in Sources */,
			);
			runOnlyForDeploymentPostprocessing = 0;
		};
/* End PBXSourcesBuildPhase section */

/* Begin PBXVariantGroup section */
		0F7906542A78E28D00FC4621 /* Localizable.strings */ = {
			isa = PBXVariantGroup;
			children = (
				0F7906532A78E28D00FC4621 /* en */,
				0F7906562A78E2AB00FC4621 /* es */,
				0F7906572A78E2CA00FC4621 /* ca */,
			);
			name = Localizable.strings;
			sourceTree = "<group>";
		};
/* End PBXVariantGroup section */

/* Begin XCBuildConfiguration section */
		0F6144ED2A5FDA370070D111 /* Debug */ = {
			isa = XCBuildConfiguration;
			buildSettings = {
				ASSETCATALOG_COMPILER_APPICON_NAME = AppIcon;
				ASSETCATALOG_COMPILER_GLOBAL_ACCENT_COLOR_NAME = AccentColor;
				CODE_SIGN_STYLE = Automatic;
				CURRENT_PROJECT_VERSION = 1;
				DEVELOPMENT_ASSET_PATHS = "\"Gaua/Preview Content\"";
				ENABLE_PREVIEWS = YES;
				GENERATE_INFOPLIST_FILE = YES;
				INFOPLIST_KEY_UIApplicationSceneManifest_Generation = YES;
				INFOPLIST_KEY_UIApplicationSupportsIndirectInputEvents = YES;
				INFOPLIST_KEY_UILaunchScreen_Generation = YES;
				INFOPLIST_KEY_UISupportedInterfaceOrientations_iPad = "UIInterfaceOrientationPortrait UIInterfaceOrientationPortraitUpsideDown UIInterfaceOrientationLandscapeLeft UIInterfaceOrientationLandscapeRight";
				INFOPLIST_KEY_UISupportedInterfaceOrientations_iPhone = "UIInterfaceOrientationPortrait UIInterfaceOrientationLandscapeLeft UIInterfaceOrientationLandscapeRight";
				IPHONEOS_DEPLOYMENT_TARGET = 16.2;
				LD_RUNPATH_SEARCH_PATHS = (
					"$(inherited)",
					"@executable_path/Frameworks",
				);
				MARKETING_VERSION = 1.0;
				PRODUCT_BUNDLE_IDENTIFIER = com.alexciprian.GauaMock;
				PRODUCT_NAME = "$(TARGET_NAME)";
				SDKROOT = iphoneos;
				SWIFT_EMIT_LOC_STRINGS = YES;
				SWIFT_VERSION = 5.0;
				TARGETED_DEVICE_FAMILY = "1,2";
			};
			name = Debug;
		};
		0F6144EE2A5FDA370070D111 /* Release */ = {
			isa = XCBuildConfiguration;
			buildSettings = {
				ASSETCATALOG_COMPILER_APPICON_NAME = AppIcon;
				ASSETCATALOG_COMPILER_GLOBAL_ACCENT_COLOR_NAME = AccentColor;
				CODE_SIGN_STYLE = Automatic;
				CURRENT_PROJECT_VERSION = 1;
				DEVELOPMENT_ASSET_PATHS = "\"Gaua/Preview Content\"";
				ENABLE_PREVIEWS = YES;
				GENERATE_INFOPLIST_FILE = YES;
				INFOPLIST_KEY_UIApplicationSceneManifest_Generation = YES;
				INFOPLIST_KEY_UIApplicationSupportsIndirectInputEvents = YES;
				INFOPLIST_KEY_UILaunchScreen_Generation = YES;
				INFOPLIST_KEY_UISupportedInterfaceOrientations_iPad = "UIInterfaceOrientationPortrait UIInterfaceOrientationPortraitUpsideDown UIInterfaceOrientationLandscapeLeft UIInterfaceOrientationLandscapeRight";
				INFOPLIST_KEY_UISupportedInterfaceOrientations_iPhone = "UIInterfaceOrientationPortrait UIInterfaceOrientationLandscapeLeft UIInterfaceOrientationLandscapeRight";
				IPHONEOS_DEPLOYMENT_TARGET = 16.2;
				LD_RUNPATH_SEARCH_PATHS = (
					"$(inherited)",
					"@executable_path/Frameworks",
				);
				MARKETING_VERSION = 1.0;
				PRODUCT_BUNDLE_IDENTIFIER = com.alexciprian.GauaMock;
				PRODUCT_NAME = "$(TARGET_NAME)";
				SDKROOT = iphoneos;
				SWIFT_EMIT_LOC_STRINGS = YES;
				SWIFT_VERSION = 5.0;
				TARGETED_DEVICE_FAMILY = "1,2";
				VALIDATE_PRODUCT = YES;
			};
			name = Release;
		};
		0F9B7ED92A5C105900CEE335 /* Debug */ = {
			isa = XCBuildConfiguration;
			buildSettings = {
				ALWAYS_SEARCH_USER_PATHS = NO;
				CLANG_ANALYZER_NONNULL = YES;
				CLANG_ANALYZER_NUMBER_OBJECT_CONVERSION = YES_AGGRESSIVE;
				CLANG_CXX_LANGUAGE_STANDARD = "gnu++20";
				CLANG_ENABLE_MODULES = YES;
				CLANG_ENABLE_OBJC_ARC = YES;
				CLANG_ENABLE_OBJC_WEAK = YES;
				CLANG_WARN_BLOCK_CAPTURE_AUTORELEASING = YES;
				CLANG_WARN_BOOL_CONVERSION = YES;
				CLANG_WARN_COMMA = YES;
				CLANG_WARN_CONSTANT_CONVERSION = YES;
				CLANG_WARN_DEPRECATED_OBJC_IMPLEMENTATIONS = YES;
				CLANG_WARN_DIRECT_OBJC_ISA_USAGE = YES_ERROR;
				CLANG_WARN_DOCUMENTATION_COMMENTS = YES;
				CLANG_WARN_EMPTY_BODY = YES;
				CLANG_WARN_ENUM_CONVERSION = YES;
				CLANG_WARN_INFINITE_RECURSION = YES;
				CLANG_WARN_INT_CONVERSION = YES;
				CLANG_WARN_NON_LITERAL_NULL_CONVERSION = YES;
				CLANG_WARN_OBJC_IMPLICIT_RETAIN_SELF = YES;
				CLANG_WARN_OBJC_LITERAL_CONVERSION = YES;
				CLANG_WARN_OBJC_ROOT_CLASS = YES_ERROR;
				CLANG_WARN_QUOTED_INCLUDE_IN_FRAMEWORK_HEADER = YES;
				CLANG_WARN_RANGE_LOOP_ANALYSIS = YES;
				CLANG_WARN_STRICT_PROTOTYPES = YES;
				CLANG_WARN_SUSPICIOUS_MOVE = YES;
				CLANG_WARN_UNGUARDED_AVAILABILITY = YES_AGGRESSIVE;
				CLANG_WARN_UNREACHABLE_CODE = YES;
				CLANG_WARN__DUPLICATE_METHOD_MATCH = YES;
				COPY_PHASE_STRIP = NO;
				DEBUG_INFORMATION_FORMAT = dwarf;
				ENABLE_STRICT_OBJC_MSGSEND = YES;
				ENABLE_TESTABILITY = YES;
				GCC_C_LANGUAGE_STANDARD = gnu11;
				GCC_DYNAMIC_NO_PIC = NO;
				GCC_NO_COMMON_BLOCKS = YES;
				GCC_OPTIMIZATION_LEVEL = 0;
				GCC_PREPROCESSOR_DEFINITIONS = (
					"DEBUG=1",
					"$(inherited)",
				);
				GCC_WARN_64_TO_32_BIT_CONVERSION = YES;
				GCC_WARN_ABOUT_RETURN_TYPE = YES_ERROR;
				GCC_WARN_UNDECLARED_SELECTOR = YES;
				GCC_WARN_UNINITIALIZED_AUTOS = YES_AGGRESSIVE;
				GCC_WARN_UNUSED_FUNCTION = YES;
				GCC_WARN_UNUSED_VARIABLE = YES;
				MTL_ENABLE_DEBUG_INFO = INCLUDE_SOURCE;
				MTL_FAST_MATH = YES;
				ONLY_ACTIVE_ARCH = YES;
				SWIFT_ACTIVE_COMPILATION_CONDITIONS = DEBUG;
				SWIFT_OPTIMIZATION_LEVEL = "-Onone";
			};
			name = Debug;
		};
		0F9B7EDA2A5C105900CEE335 /* Release */ = {
			isa = XCBuildConfiguration;
			buildSettings = {
				ALWAYS_SEARCH_USER_PATHS = NO;
				CLANG_ANALYZER_NONNULL = YES;
				CLANG_ANALYZER_NUMBER_OBJECT_CONVERSION = YES_AGGRESSIVE;
				CLANG_CXX_LANGUAGE_STANDARD = "gnu++20";
				CLANG_ENABLE_MODULES = YES;
				CLANG_ENABLE_OBJC_ARC = YES;
				CLANG_ENABLE_OBJC_WEAK = YES;
				CLANG_WARN_BLOCK_CAPTURE_AUTORELEASING = YES;
				CLANG_WARN_BOOL_CONVERSION = YES;
				CLANG_WARN_COMMA = YES;
				CLANG_WARN_CONSTANT_CONVERSION = YES;
				CLANG_WARN_DEPRECATED_OBJC_IMPLEMENTATIONS = YES;
				CLANG_WARN_DIRECT_OBJC_ISA_USAGE = YES_ERROR;
				CLANG_WARN_DOCUMENTATION_COMMENTS = YES;
				CLANG_WARN_EMPTY_BODY = YES;
				CLANG_WARN_ENUM_CONVERSION = YES;
				CLANG_WARN_INFINITE_RECURSION = YES;
				CLANG_WARN_INT_CONVERSION = YES;
				CLANG_WARN_NON_LITERAL_NULL_CONVERSION = YES;
				CLANG_WARN_OBJC_IMPLICIT_RETAIN_SELF = YES;
				CLANG_WARN_OBJC_LITERAL_CONVERSION = YES;
				CLANG_WARN_OBJC_ROOT_CLASS = YES_ERROR;
				CLANG_WARN_QUOTED_INCLUDE_IN_FRAMEWORK_HEADER = YES;
				CLANG_WARN_RANGE_LOOP_ANALYSIS = YES;
				CLANG_WARN_STRICT_PROTOTYPES = YES;
				CLANG_WARN_SUSPICIOUS_MOVE = YES;
				CLANG_WARN_UNGUARDED_AVAILABILITY = YES_AGGRESSIVE;
				CLANG_WARN_UNREACHABLE_CODE = YES;
				CLANG_WARN__DUPLICATE_METHOD_MATCH = YES;
				COPY_PHASE_STRIP = NO;
				DEBUG_INFORMATION_FORMAT = "dwarf-with-dsym";
				ENABLE_NS_ASSERTIONS = NO;
				ENABLE_STRICT_OBJC_MSGSEND = YES;
				GCC_C_LANGUAGE_STANDARD = gnu11;
				GCC_NO_COMMON_BLOCKS = YES;
				GCC_WARN_64_TO_32_BIT_CONVERSION = YES;
				GCC_WARN_ABOUT_RETURN_TYPE = YES_ERROR;
				GCC_WARN_UNDECLARED_SELECTOR = YES;
				GCC_WARN_UNINITIALIZED_AUTOS = YES_AGGRESSIVE;
				GCC_WARN_UNUSED_FUNCTION = YES;
				GCC_WARN_UNUSED_VARIABLE = YES;
				MTL_ENABLE_DEBUG_INFO = NO;
				MTL_FAST_MATH = YES;
				SWIFT_COMPILATION_MODE = wholemodule;
				SWIFT_OPTIMIZATION_LEVEL = "-O";
			};
			name = Release;
		};
		0F9B7EDC2A5C105900CEE335 /* Debug */ = {
			isa = XCBuildConfiguration;
			buildSettings = {
				ASSETCATALOG_COMPILER_APPICON_NAME = AppIcon;
				ASSETCATALOG_COMPILER_GLOBAL_ACCENT_COLOR_NAME = AccentColor;
				CODE_SIGN_ENTITLEMENTS = Gaua/Gaua.entitlements;
				CODE_SIGN_STYLE = Automatic;
				CURRENT_PROJECT_VERSION = 1;
				DEVELOPMENT_ASSET_PATHS = "\"Gaua/Preview Content\"";
				DEVELOPMENT_TEAM = N7T95ZVA33;
				ENABLE_PREVIEWS = YES;
				GENERATE_INFOPLIST_FILE = YES;
				"INFOPLIST_KEY_UIApplicationSceneManifest_Generation[sdk=iphoneos*]" = YES;
				"INFOPLIST_KEY_UIApplicationSceneManifest_Generation[sdk=iphonesimulator*]" = YES;
				"INFOPLIST_KEY_UIApplicationSupportsIndirectInputEvents[sdk=iphoneos*]" = YES;
				"INFOPLIST_KEY_UIApplicationSupportsIndirectInputEvents[sdk=iphonesimulator*]" = YES;
				"INFOPLIST_KEY_UILaunchScreen_Generation[sdk=iphoneos*]" = YES;
				"INFOPLIST_KEY_UILaunchScreen_Generation[sdk=iphonesimulator*]" = YES;
				"INFOPLIST_KEY_UIStatusBarStyle[sdk=iphoneos*]" = UIStatusBarStyleDefault;
				"INFOPLIST_KEY_UIStatusBarStyle[sdk=iphonesimulator*]" = UIStatusBarStyleDefault;
				INFOPLIST_KEY_UISupportedInterfaceOrientations_iPad = "UIInterfaceOrientationPortrait UIInterfaceOrientationPortraitUpsideDown UIInterfaceOrientationLandscapeLeft UIInterfaceOrientationLandscapeRight";
				INFOPLIST_KEY_UISupportedInterfaceOrientations_iPhone = "UIInterfaceOrientationPortrait UIInterfaceOrientationLandscapeLeft UIInterfaceOrientationLandscapeRight";
				IPHONEOS_DEPLOYMENT_TARGET = 16.2;
				LD_RUNPATH_SEARCH_PATHS = "@executable_path/Frameworks";
				"LD_RUNPATH_SEARCH_PATHS[sdk=macosx*]" = "@executable_path/../Frameworks";
				MACOSX_DEPLOYMENT_TARGET = 12.6;
				MARKETING_VERSION = 1.0;
				PRODUCT_BUNDLE_IDENTIFIER = com.alexciprian.gaua;
				PRODUCT_NAME = "$(TARGET_NAME)";
				SDKROOT = auto;
				SUPPORTED_PLATFORMS = "iphoneos iphonesimulator macosx";
				SWIFT_EMIT_LOC_STRINGS = YES;
				SWIFT_VERSION = 5.0;
				TARGETED_DEVICE_FAMILY = "1,2";
			};
			name = Debug;
		};
		0F9B7EDD2A5C105900CEE335 /* Release */ = {
			isa = XCBuildConfiguration;
			buildSettings = {
				ASSETCATALOG_COMPILER_APPICON_NAME = AppIcon;
				ASSETCATALOG_COMPILER_GLOBAL_ACCENT_COLOR_NAME = AccentColor;
				CODE_SIGN_ENTITLEMENTS = Gaua/Gaua.entitlements;
				CODE_SIGN_STYLE = Automatic;
				CURRENT_PROJECT_VERSION = 1;
				DEVELOPMENT_ASSET_PATHS = "\"Gaua/Preview Content\"";
				DEVELOPMENT_TEAM = N7T95ZVA33;
				ENABLE_PREVIEWS = YES;
				GENERATE_INFOPLIST_FILE = YES;
				"INFOPLIST_KEY_UIApplicationSceneManifest_Generation[sdk=iphoneos*]" = YES;
				"INFOPLIST_KEY_UIApplicationSceneManifest_Generation[sdk=iphonesimulator*]" = YES;
				"INFOPLIST_KEY_UIApplicationSupportsIndirectInputEvents[sdk=iphoneos*]" = YES;
				"INFOPLIST_KEY_UIApplicationSupportsIndirectInputEvents[sdk=iphonesimulator*]" = YES;
				"INFOPLIST_KEY_UILaunchScreen_Generation[sdk=iphoneos*]" = YES;
				"INFOPLIST_KEY_UILaunchScreen_Generation[sdk=iphonesimulator*]" = YES;
				"INFOPLIST_KEY_UIStatusBarStyle[sdk=iphoneos*]" = UIStatusBarStyleDefault;
				"INFOPLIST_KEY_UIStatusBarStyle[sdk=iphonesimulator*]" = UIStatusBarStyleDefault;
				INFOPLIST_KEY_UISupportedInterfaceOrientations_iPad = "UIInterfaceOrientationPortrait UIInterfaceOrientationPortraitUpsideDown UIInterfaceOrientationLandscapeLeft UIInterfaceOrientationLandscapeRight";
				INFOPLIST_KEY_UISupportedInterfaceOrientations_iPhone = "UIInterfaceOrientationPortrait UIInterfaceOrientationLandscapeLeft UIInterfaceOrientationLandscapeRight";
				IPHONEOS_DEPLOYMENT_TARGET = 16.2;
				LD_RUNPATH_SEARCH_PATHS = "@executable_path/Frameworks";
				"LD_RUNPATH_SEARCH_PATHS[sdk=macosx*]" = "@executable_path/../Frameworks";
				MACOSX_DEPLOYMENT_TARGET = 12.6;
				MARKETING_VERSION = 1.0;
				PRODUCT_BUNDLE_IDENTIFIER = com.alexciprian.gaua;
				PRODUCT_NAME = "$(TARGET_NAME)";
				SDKROOT = auto;
				SUPPORTED_PLATFORMS = "iphoneos iphonesimulator macosx";
				SWIFT_EMIT_LOC_STRINGS = YES;
				SWIFT_VERSION = 5.0;
				TARGETED_DEVICE_FAMILY = "1,2";
			};
			name = Release;
		};
		0FA17A7C2AB70E5300F43791 /* Debug */ = {
			isa = XCBuildConfiguration;
			buildSettings = {
				ASSETCATALOG_COMPILER_APPICON_NAME = AppIcon;
				ASSETCATALOG_COMPILER_GLOBAL_ACCENT_COLOR_NAME = AccentColor;
				CODE_SIGN_STYLE = Automatic;
				CURRENT_PROJECT_VERSION = 1;
				DEVELOPMENT_ASSET_PATHS = "Gaua/Preview\\ Content";
				DEVELOPMENT_TEAM = N7T95ZVA33;
				ENABLE_PREVIEWS = YES;
				GENERATE_INFOPLIST_FILE = YES;
				INFOPLIST_KEY_UIApplicationSceneManifest_Generation = YES;
				INFOPLIST_KEY_UIApplicationSupportsIndirectInputEvents = YES;
				INFOPLIST_KEY_UILaunchScreen_Generation = YES;
				INFOPLIST_KEY_UISupportedInterfaceOrientations_iPad = "UIInterfaceOrientationPortrait UIInterfaceOrientationPortraitUpsideDown UIInterfaceOrientationLandscapeLeft UIInterfaceOrientationLandscapeRight";
				INFOPLIST_KEY_UISupportedInterfaceOrientations_iPhone = "UIInterfaceOrientationPortrait UIInterfaceOrientationLandscapeLeft UIInterfaceOrientationLandscapeRight";
				IPHONEOS_DEPLOYMENT_TARGET = 16.2;
				LD_RUNPATH_SEARCH_PATHS = (
					"$(inherited)",
					"@executable_path/Frameworks",
				);
				MARKETING_VERSION = 1.0;
				PRODUCT_BUNDLE_IDENTIFIER = com.alexciprian.gaua.int;
				PRODUCT_NAME = "$(TARGET_NAME)";
				SDKROOT = iphoneos;
				SWIFT_EMIT_LOC_STRINGS = YES;
				SWIFT_VERSION = 5.0;
				TARGETED_DEVICE_FAMILY = "1,2";
			};
			name = Debug;
		};
		0FA17A7D2AB70E5300F43791 /* Release */ = {
			isa = XCBuildConfiguration;
			buildSettings = {
				ASSETCATALOG_COMPILER_APPICON_NAME = AppIcon;
				ASSETCATALOG_COMPILER_GLOBAL_ACCENT_COLOR_NAME = AccentColor;
				CODE_SIGN_STYLE = Automatic;
				CURRENT_PROJECT_VERSION = 1;
				DEVELOPMENT_ASSET_PATHS = "Gaua/Preview\\ Content";
				DEVELOPMENT_TEAM = N7T95ZVA33;
				ENABLE_PREVIEWS = YES;
				GENERATE_INFOPLIST_FILE = YES;
				INFOPLIST_KEY_UIApplicationSceneManifest_Generation = YES;
				INFOPLIST_KEY_UIApplicationSupportsIndirectInputEvents = YES;
				INFOPLIST_KEY_UILaunchScreen_Generation = YES;
				INFOPLIST_KEY_UISupportedInterfaceOrientations_iPad = "UIInterfaceOrientationPortrait UIInterfaceOrientationPortraitUpsideDown UIInterfaceOrientationLandscapeLeft UIInterfaceOrientationLandscapeRight";
				INFOPLIST_KEY_UISupportedInterfaceOrientations_iPhone = "UIInterfaceOrientationPortrait UIInterfaceOrientationLandscapeLeft UIInterfaceOrientationLandscapeRight";
				IPHONEOS_DEPLOYMENT_TARGET = 16.2;
				LD_RUNPATH_SEARCH_PATHS = (
					"$(inherited)",
					"@executable_path/Frameworks",
				);
				MARKETING_VERSION = 1.0;
				PRODUCT_BUNDLE_IDENTIFIER = com.alexciprian.gaua.int;
				PRODUCT_NAME = "$(TARGET_NAME)";
				SDKROOT = iphoneos;
				SWIFT_EMIT_LOC_STRINGS = YES;
				SWIFT_VERSION = 5.0;
				TARGETED_DEVICE_FAMILY = "1,2";
				VALIDATE_PRODUCT = YES;
			};
			name = Release;
		};
/* End XCBuildConfiguration section */

/* Begin XCConfigurationList section */
		0F6144EC2A5FDA370070D111 /* Build configuration list for PBXNativeTarget "GauaMock" */ = {
			isa = XCConfigurationList;
			buildConfigurations = (
				0F6144ED2A5FDA370070D111 /* Debug */,
				0F6144EE2A5FDA370070D111 /* Release */,
			);
			defaultConfigurationIsVisible = 0;
			defaultConfigurationName = Release;
		};
		0F9B7EC72A5C105600CEE335 /* Build configuration list for PBXProject "Gaua" */ = {
			isa = XCConfigurationList;
			buildConfigurations = (
				0F9B7ED92A5C105900CEE335 /* Debug */,
				0F9B7EDA2A5C105900CEE335 /* Release */,
			);
			defaultConfigurationIsVisible = 0;
			defaultConfigurationName = Release;
		};
		0F9B7EDB2A5C105900CEE335 /* Build configuration list for PBXNativeTarget "Gaua" */ = {
			isa = XCConfigurationList;
			buildConfigurations = (
				0F9B7EDC2A5C105900CEE335 /* Debug */,
				0F9B7EDD2A5C105900CEE335 /* Release */,
			);
			defaultConfigurationIsVisible = 0;
			defaultConfigurationName = Release;
		};
		0FA17A7B2AB70E5300F43791 /* Build configuration list for PBXNativeTarget "GauaIntegracion" */ = {
			isa = XCConfigurationList;
			buildConfigurations = (
				0FA17A7C2AB70E5300F43791 /* Debug */,
				0FA17A7D2AB70E5300F43791 /* Release */,
			);
			defaultConfigurationIsVisible = 0;
			defaultConfigurationName = Release;
		};
/* End XCConfigurationList section */

/* Begin XCRemoteSwiftPackageReference section */
		0F5211DE2A670B6B00A551FB /* XCRemoteSwiftPackageReference "TOCropViewController" */ = {
			isa = XCRemoteSwiftPackageReference;
			repositoryURL = "https://github.com/TimOliver/TOCropViewController";
			requirement = {
				kind = upToNextMajorVersion;
				minimumVersion = 2.0.0;
			};
		};
		0F7906C62A8A51A900FC4621 /* XCRemoteSwiftPackageReference "firebase-ios-sdk" */ = {
			isa = XCRemoteSwiftPackageReference;
			repositoryURL = "https://github.com/firebase/firebase-ios-sdk.git";
			requirement = {
				kind = upToNextMajorVersion;
				minimumVersion = 9.0.0;
			};
		};
/* End XCRemoteSwiftPackageReference section */

/* Begin XCSwiftPackageProductDependency section */
		0F5211DF2A670B6C00A551FB /* CropViewController */ = {
			isa = XCSwiftPackageProductDependency;
			package = 0F5211DE2A670B6B00A551FB /* XCRemoteSwiftPackageReference "TOCropViewController" */;
			productName = CropViewController;
		};
		0F5211E12A670B6C00A551FB /* TOCropViewController */ = {
			isa = XCSwiftPackageProductDependency;
			package = 0F5211DE2A670B6B00A551FB /* XCRemoteSwiftPackageReference "TOCropViewController" */;
			productName = TOCropViewController;
		};
		0F7906C72A8A51A900FC4621 /* FirebaseAuth */ = {
			isa = XCSwiftPackageProductDependency;
			package = 0F7906C62A8A51A900FC4621 /* XCRemoteSwiftPackageReference "firebase-ios-sdk" */;
			productName = FirebaseAuth;
		};
		0F7906C92A8A51A900FC4621 /* FirebaseDatabase */ = {
			isa = XCSwiftPackageProductDependency;
			package = 0F7906C62A8A51A900FC4621 /* XCRemoteSwiftPackageReference "firebase-ios-sdk" */;
			productName = FirebaseDatabase;
		};
		0F7906CB2A8A51A900FC4621 /* FirebaseFirestore */ = {
			isa = XCSwiftPackageProductDependency;
			package = 0F7906C62A8A51A900FC4621 /* XCRemoteSwiftPackageReference "firebase-ios-sdk" */;
			productName = FirebaseFirestore;
		};
		0F7906CD2A8A51A900FC4621 /* FirebaseFunctions */ = {
			isa = XCSwiftPackageProductDependency;
			package = 0F7906C62A8A51A900FC4621 /* XCRemoteSwiftPackageReference "firebase-ios-sdk" */;
			productName = FirebaseFunctions;
		};
		0F7906CF2A8A51A900FC4621 /* FirebaseMessaging */ = {
			isa = XCSwiftPackageProductDependency;
			package = 0F7906C62A8A51A900FC4621 /* XCRemoteSwiftPackageReference "firebase-ios-sdk" */;
			productName = FirebaseMessaging;
		};
		0F7906D12A8A51A900FC4621 /* FirebaseStorage */ = {
			isa = XCSwiftPackageProductDependency;
			package = 0F7906C62A8A51A900FC4621 /* XCRemoteSwiftPackageReference "firebase-ios-sdk" */;
			productName = FirebaseStorage;
		};
		0F7906D42A8A558400FC4621 /* FirebaseFirestoreSwift */ = {
			isa = XCSwiftPackageProductDependency;
			package = 0F7906C62A8A51A900FC4621 /* XCRemoteSwiftPackageReference "firebase-ios-sdk" */;
			productName = FirebaseFirestoreSwift;
		};
		0FA17ABA2AB7111E00F43791 /* CropViewController */ = {
			isa = XCSwiftPackageProductDependency;
			package = 0F5211DE2A670B6B00A551FB /* XCRemoteSwiftPackageReference "TOCropViewController" */;
			productName = CropViewController;
		};
		0FA17ABC2AB7111E00F43791 /* TOCropViewController */ = {
			isa = XCSwiftPackageProductDependency;
			package = 0F5211DE2A670B6B00A551FB /* XCRemoteSwiftPackageReference "TOCropViewController" */;
			productName = TOCropViewController;
		};
		0FA17ABE2AB7111E00F43791 /* FirebaseAuth */ = {
			isa = XCSwiftPackageProductDependency;
			package = 0F7906C62A8A51A900FC4621 /* XCRemoteSwiftPackageReference "firebase-ios-sdk" */;
			productName = FirebaseAuth;
		};
		0FA17AC02AB7111E00F43791 /* FirebaseDatabase */ = {
			isa = XCSwiftPackageProductDependency;
			package = 0F7906C62A8A51A900FC4621 /* XCRemoteSwiftPackageReference "firebase-ios-sdk" */;
			productName = FirebaseDatabase;
		};
		0FA17AC22AB7111E00F43791 /* FirebaseFirestore */ = {
			isa = XCSwiftPackageProductDependency;
			package = 0F7906C62A8A51A900FC4621 /* XCRemoteSwiftPackageReference "firebase-ios-sdk" */;
			productName = FirebaseFirestore;
		};
		0FA17AC42AB7111E00F43791 /* FirebaseFirestoreSwift */ = {
			isa = XCSwiftPackageProductDependency;
			package = 0F7906C62A8A51A900FC4621 /* XCRemoteSwiftPackageReference "firebase-ios-sdk" */;
			productName = FirebaseFirestoreSwift;
		};
		0FA17AC62AB7111E00F43791 /* FirebaseFunctions */ = {
			isa = XCSwiftPackageProductDependency;
			package = 0F7906C62A8A51A900FC4621 /* XCRemoteSwiftPackageReference "firebase-ios-sdk" */;
			productName = FirebaseFunctions;
		};
		0FA17AC82AB7111E00F43791 /* FirebaseMessaging */ = {
			isa = XCSwiftPackageProductDependency;
			package = 0F7906C62A8A51A900FC4621 /* XCRemoteSwiftPackageReference "firebase-ios-sdk" */;
			productName = FirebaseMessaging;
		};
		0FA17ACA2AB7111E00F43791 /* FirebaseStorage */ = {
			isa = XCSwiftPackageProductDependency;
			package = 0F7906C62A8A51A900FC4621 /* XCRemoteSwiftPackageReference "firebase-ios-sdk" */;
			productName = FirebaseStorage;
		};
/* End XCSwiftPackageProductDependency section */
	};
	rootObject = 0F9B7EC42A5C105600CEE335 /* Project object */;
}
